// !$*UTF8*$!
{
	archiveVersion = 1;
	classes = {
	};
	objectVersion = 50;
	objects = {

/* Begin PBXBuildFile section */
		67514C33258A551400B2558B /* SwiftUIViewSizeApp.swift in Sources */ = {isa = PBXBuildFile; fileRef = 67514C32258A551400B2558B /* SwiftUIViewSizeApp.swift */; };
		67514C35258A551400B2558B /* ContentView.swift in Sources */ = {isa = PBXBuildFile; fileRef = 67514C34258A551400B2558B /* ContentView.swift */; };
		67514C37258A551A00B2558B /* Assets.xcassets in Resources */ = {isa = PBXBuildFile; fileRef = 67514C36258A551A00B2558B /* Assets.xcassets */; };
		67514C3A258A551A00B2558B /* Preview Assets.xcassets in Resources */ = {isa = PBXBuildFile; fileRef = 67514C39258A551A00B2558B /* Preview Assets.xcassets */; };
		67514C65258A55B100B2558B /* MyScene.sks in Resources */ = {isa = PBXBuildFile; fileRef = 67514C64258A55B100B2558B /* MyScene.sks */; };
		67514C68258A562200B2558B /* MyScene.swift in Sources */ = {isa = PBXBuildFile; fileRef = 67514C67258A562200B2558B /* MyScene.swift */; };
/* End PBXBuildFile section */

/* Begin PBXFileReference section */
		67514C2F258A551400B2558B /* SwiftUIViewSize.app */ = {isa = PBXFileReference; explicitFileType = wrapper.application; includeInIndex = 0; path = SwiftUIViewSize.app; sourceTree = BUILT_PRODUCTS_DIR; };
		67514C32258A551400B2558B /* SwiftUIViewSizeApp.swift */ = {isa = PBXFileReference; lastKnownFileType = sourcecode.swift; path = SwiftUIViewSizeApp.swift; sourceTree = "<group>"; };
		67514C34258A551400B2558B /* ContentView.swift */ = {isa = PBXFileReference; lastKnownFileType = sourcecode.swift; path = ContentView.swift; sourceTree = "<group>"; };
		67514C36258A551A00B2558B /* Assets.xcassets */ = {isa = PBXFileReference; lastKnownFileType = folder.assetcatalog; path = Assets.xcassets; sourceTree = "<group>"; };
		67514C39258A551A00B2558B /* Preview Assets.xcassets */ = {isa = PBXFileReference; lastKnownFileType = folder.assetcatalog; path = "Preview Assets.xcassets"; sourceTree = "<group>"; };
		67514C3B258A551A00B2558B /* Info.plist */ = {isa = PBXFileReference; lastKnownFileType = text.plist.xml; path = Info.plist; sourceTree = "<group>"; };
		67514C64258A55B100B2558B /* MyScene.sks */ = {isa = PBXFileReference; lastKnownFileType = file.sks; path = MyScene.sks; sourceTree = "<group>"; };
		67514C67258A562200B2558B /* MyScene.swift */ = {isa = PBXFileReference; lastKnownFileType = sourcecode.swift; path = MyScene.swift; sourceTree = "<group>"; };
/* End PBXFileReference section */

/* Begin PBXFrameworksBuildPhase section */
		67514C2C258A551400B2558B /* Frameworks */ = {
			isa = PBXFrameworksBuildPhase;
			buildActionMask = 2147483647;
			files = (
			);
			runOnlyForDeploymentPostprocessing = 0;
		};
/* End PBXFrameworksBuildPhase section */

/* Begin PBXGroup section */
		67514C26258A551400B2558B = {
			isa = PBXGroup;
			children = (
				67514C31258A551400B2558B /* SwiftUIViewSize */,
				67514C30258A551400B2558B /* Products */,
			);
			sourceTree = "<group>";
		};
		67514C30258A551400B2558B /* Products */ = {
			isa = PBXGroup;
			children = (
				67514C2F258A551400B2558B /* SwiftUIViewSize.app */,
			);
			name = Products;
			sourceTree = "<group>";
		};
		67514C31258A551400B2558B /* SwiftUIViewSize */ = {
			isa = PBXGroup;
			children = (
				67514C32258A551400B2558B /* SwiftUIViewSizeApp.swift */,
				67514C34258A551400B2558B /* ContentView.swift */,
				67514C36258A551A00B2558B /* Assets.xcassets */,
				67514C3B258A551A00B2558B /* Info.plist */,
				67514C38258A551A00B2558B /* Preview Content */,
				67514C64258A55B100B2558B /* MyScene.sks */,
				67514C67258A562200B2558B /* MyScene.swift */,
			);
			path = SwiftUIViewSize;
			sourceTree = "<group>";
		};
		67514C38258A551A00B2558B /* Preview Content */ = {
			isa = PBXGroup;
			children = (
				67514C39258A551A00B2558B /* Preview Assets.xcassets */,
			);
			path = "Preview Content";
			sourceTree = "<group>";
		};
/* End PBXGroup section */

/* Begin PBXNativeTarget section */
		67514C2E258A551400B2558B /* SwiftUIViewSize */ = {
			isa = PBXNativeTarget;
			buildConfigurationList = 67514C3E258A551A00B2558B /* Build configuration list for PBXNativeTarget "SwiftUIViewSize" */;
			buildPhases = (
				67514C2B258A551400B2558B /* Sources */,
				67514C2C258A551400B2558B /* Frameworks */,
				67514C2D258A551400B2558B /* Resources */,
			);
			buildRules = (
			);
			dependencies = (
			);
			name = SwiftUIViewSize;
			productName = SwiftUIViewSize;
			productReference = 67514C2F258A551400B2558B /* SwiftUIViewSize.app */;
			productType = "com.apple.product-type.application";
		};
/* End PBXNativeTarget section */

/* Begin PBXProject section */
		67514C27258A551400B2558B /* Project object */ = {
			isa = PBXProject;
			attributes = {
				LastSwiftUpdateCheck = 1210;
				LastUpgradeCheck = 1210;
				TargetAttributes = {
					67514C2E258A551400B2558B = {
						CreatedOnToolsVersion = 12.1;
					};
				};
			};
			buildConfigurationList = 67514C2A258A551400B2558B /* Build configuration list for PBXProject "SwiftUIViewSize" */;
			compatibilityVersion = "Xcode 9.3";
			developmentRegion = en;
			hasScannedForEncodings = 0;
			knownRegions = (
				en,
				Base,
			);
			mainGroup = 67514C26258A551400B2558B;
			productRefGroup = 67514C30258A551400B2558B /* Products */;
			projectDirPath = "";
			projectRoot = "";
			targets = (
				67514C2E258A551400B2558B /* SwiftUIViewSize */,
			);
		};
/* End PBXProject section */

/* Begin PBXResourcesBuildPhase section */
		67514C2D258A551400B2558B /* Resources */ = {
			isa = PBXResourcesBuildPhase;
			buildActionMask = 2147483647;
			files = (
				67514C3A258A551A00B2558B /* Preview Assets.xcassets in Resources */,
				67514C65258A55B100B2558B /* MyScene.sks in Resources */,
				67514C37258A551A00B2558B /* Assets.xcassets in Resources */,
			);
			runOnlyForDeploymentPostprocessing = 0;
		};
/* End PBXResourcesBuildPhase section */

/* Begin PBXSourcesBuildPhase section */
		67514C2B258A551400B2558B /* Sources */ = {
			isa = PBXSourcesBuildPhase;
			buildActionMask = 2147483647;
			files = (
				67514C35258A551400B2558B /* ContentView.swift in Sources */,
				67514C33258A551400B2558B /* SwiftUIViewSizeApp.swift in Sources */,
				67514C68258A562200B2558B /* MyScene.swift in Sources */,
			);
			runOnlyForDeploymentPostprocessing = 0;
		};
/* End PBXSourcesBuildPhase section */

/* Begin XCBuildConfiguration section */
		67514C3C258A551A00B2558B /* Debug */ = {
			isa = XCBuildConfiguration;
			buildSettings = {
				ALWAYS_SEARCH_USER_PATHS = NO;
				CLANG_ANALYZER_NONNULL = YES;
				CLANG_ANALYZER_NUMBER_OBJECT_CONVERSION = YES_AGGRESSIVE;
				CLANG_CXX_LANGUAGE_STANDARD = "gnu++14";
				CLANG_CXX_LIBRARY = "libc++";
				CLANG_ENABLE_MODULES = YES;
				CLANG_ENABLE_OBJC_ARC = YES;
				CLANG_ENABLE_OBJC_WEAK = YES;
				CLANG_WARN_BLOCK_CAPTURE_AUTORELEASING = YES;
				CLANG_WARN_BOOL_CONVERSION = YES;
				CLANG_WARN_COMMA = YES;
				CLANG_WARN_CONSTANT_CONVERSION = YES;
				CLANG_WARN_DEPRECATED_OBJC_IMPLEMENTATIONS = YES;
				CLANG_WARN_DIRECT_OBJC_ISA_USAGE = YES_ERROR;
				CLANG_WARN_DOCUMENTATION_COMMENTS = YES;
				CLANG_WARN_EMPTY_BODY = YES;
				CLANG_WARN_ENUM_CONVERSION = YES;
				CLANG_WARN_INFINITE_RECURSION = YES;
				CLANG_WARN_INT_CONVERSION = YES;
				CLANG_WARN_NON_LITERAL_NULL_CONVERSION = YES;
				CLANG_WARN_OBJC_IMPLICIT_RETAIN_SELF = YES;
				CLANG_WARN_OBJC_LITERAL_CONVERSION = YES;
				CLANG_WARN_OBJC_ROOT_CLASS = YES_ERROR;
				CLANG_WARN_QUOTED_INCLUDE_IN_FRAMEWORK_HEADER = YES;
				CLANG_WARN_RANGE_LOOP_ANALYSIS = YES;
				CLANG_WARN_STRICT_PROTOTYPES = YES;
				CLANG_WARN_SUSPICIOUS_MOVE = YES;
				CLANG_WARN_UNGUARDED_AVAILABILITY = YES_AGGRESSIVE;
				CLANG_WARN_UNREACHABLE_CODE = YES;
				CLANG_WARN__DUPLICATE_METHOD_MATCH = YES;
				COPY_PHASE_STRIP = NO;
				DEBUG_INFORMATION_FORMAT = dwarf;
				ENABLE_STRICT_OBJC_MSGSEND = YES;
				ENABLE_TESTABILITY = YES;
				GCC_C_LANGUAGE_STANDARD = gnu11;
				GCC_DYNAMIC_NO_PIC = NO;
				GCC_NO_COMMON_BLOCKS = YES;
				GCC_OPTIMIZATION_LEVEL = 0;
				GCC_PREPROCESSOR_DEFINITIONS = (
					"DEBUG=1",
					"$(inherited)",
				);
				GCC_WARN_64_TO_32_BIT_CONVERSION = YES;
				GCC_WARN_ABOUT_RETURN_TYPE = YES_ERROR;
				GCC_WARN_UNDECLARED_SELECTOR = YES;
				GCC_WARN_UNINITIALIZED_AUTOS = YES_AGGRESSIVE;
				GCC_WARN_UNUSED_FUNCTION = YES;
				GCC_WARN_UNUSED_VARIABLE = YES;
				IPHONEOS_DEPLOYMENT_TARGET = 14.1;
				MTL_ENABLE_DEBUG_INFO = INCLUDE_SOURCE;
				MTL_FAST_MATH = YES;
				ONLY_ACTIVE_ARCH = YES;
				SDKROOT = iphoneos;
				SWIFT_ACTIVE_COMPILATION_CONDITIONS = DEBUG;
				SWIFT_OPTIMIZATION_LEVEL = "-Onone";
			};
			name = Debug;
		};
		67514C3D258A551A00B2558B /* Release */ = {
			isa = XCBuildConfiguration;
			buildSettings = {
				ALWAYS_SEARCH_USER_PATHS = NO;
				CLANG_ANALYZER_NONNULL = YES;
				CLANG_ANALYZER_NUMBER_OBJECT_CONVERSION = YES_AGGRESSIVE;
				CLANG_CXX_LANGUAGE_STANDARD = "gnu++14";
				CLANG_CXX_LIBRARY = "libc++";
				CLANG_ENABLE_MODULES = YES;
				CLANG_ENABLE_OBJC_ARC = YES;
				CLANG_ENABLE_OBJC_WEAK = YES;
				CLANG_WARN_BLOCK_CAPTURE_AUTORELEASING = YES;
				CLANG_WARN_BOOL_CONVERSION = YES;
				CLANG_WARN_COMMA = YES;
				CLANG_WARN_CONSTANT_CONVERSION = YES;
				CLANG_WARN_DEPRECATED_OBJC_IMPLEMENTATIONS = YES;
				CLANG_WARN_DIRECT_OBJC_ISA_USAGE = YES_ERROR;
				CLANG_WARN_DOCUMENTATION_COMMENTS = YES;
				CLANG_WARN_EMPTY_BODY = YES;
				CLANG_WARN_ENUM_CONVERSION = YES;
				CLANG_WARN_INFINITE_RECURSION = YES;
				CLANG_WARN_INT_CONVERSION = YES;
				CLANG_WARN_NON_LITERAL_NULL_CONVERSION = YES;
				CLANG_WARN_OBJC_IMPLICIT_RETAIN_SELF = YES;
				CLANG_WARN_OBJC_LITERAL_CONVERSION = YES;
				CLANG_WARN_OBJC_ROOT_CLASS = YES_ERROR;
				CLANG_WARN_QUOTED_INCLUDE_IN_FRAMEWORK_HEADER = YES;
				CLANG_WARN_RANGE_LOOP_ANALYSIS = YES;
				CLANG_WARN_STRICT_PROTOTYPES = YES;
				CLANG_WARN_SUSPICIOUS_MOVE = YES;
				CLANG_WARN_UNGUARDED_AVAILABILITY = YES_AGGRESSIVE;
				CLANG_WARN_UNREACHABLE_CODE = YES;
				CLANG_WARN__DUPLICATE_METHOD_MATCH = YES;
				COPY_PHASE_STRIP = NO;
				DEBUG_INFORMATION_FORMAT = "dwarf-with-dsym";
				ENABLE_NS_ASSERTIONS = NO;
				ENABLE_STRICT_OBJC_MSGSEND = YES;
				GCC_C_LANGUAGE_STANDARD = gnu11;
				GCC_NO_COMMON_BLOCKS = YES;
				GCC_WARN_64_TO_32_BIT_CONVERSION = YES;
				GCC_WARN_ABOUT_RETURN_TYPE = YES_ERROR;
				GCC_WARN_UNDECLARED_SELECTOR = YES;
				GCC_WARN_UNINITIALIZED_AUTOS = YES_AGGRESSIVE;
				GCC_WARN_UNUSED_FUNCTION = YES;
				GCC_WARN_UNUSED_VARIABLE = YES;
				IPHONEOS_DEPLOYMENT_TARGET = 14.1;
				MTL_ENABLE_DEBUG_INFO = NO;
				MTL_FAST_MATH = YES;
				SDKROOT = iphoneos;
				SWIFT_COMPILATION_MODE = wholemodule;
				SWIFT_OPTIMIZATION_LEVEL = "-O";
				VALIDATE_PRODUCT = YES;
			};
			name = Release;
		};
		67514C3F258A551A00B2558B /* Debug */ = {
			isa = XCBuildConfiguration;
			buildSettings = {
				ASSETCATALOG_COMPILER_APPICON_NAME = AppIcon;
				ASSETCATALOG_COMPILER_GLOBAL_ACCENT_COLOR_NAME = AccentColor;
				CODE_SIGN_STYLE = Automatic;
				DEVELOPMENT_ASSET_PATHS = "\"SwiftUIViewSize/Preview Content\"";
				DEVELOPMENT_TEAM = HKD2VCZ3TM;
				ENABLE_PREVIEWS = YES;
				INFOPLIST_FILE = SwiftUIViewSize/Info.plist;
				IPHONEOS_DEPLOYMENT_TARGET = 14.0;
				LD_RUNPATH_SEARCH_PATHS = (
					"$(inherited)",
					"@executable_path/Frameworks",
				);
				PRODUCT_BUNDLE_IDENTIFIER = com.maetschl.example.SwiftUIViewSize;
				PRODUCT_NAME = "$(TARGET_NAME)";
				SWIFT_VERSION = 5.0;
				TARGETED_DEVICE_FAMILY = "1,2";
			};
			name = Debug;
		};
		67514C40258A551A00B2558B /* Release */ = {
			isa = XCBuildConfiguration;
			buildSettings = {
				ASSETCATALOG_COMPILER_APPICON_NAME = AppIcon;
				ASSETCATALOG_COMPILER_GLOBAL_ACCENT_COLOR_NAME = AccentColor;
				CODE_SIGN_STYLE = Automatic;
				DEVELOPMENT_ASSET_PATHS = "\"SwiftUIViewSize/Preview Content\"";
				DEVELOPMENT_TEAM = HKD2VCZ3TM;
				ENABLE_PREVIEWS = YES;
				INFOPLIST_FILE = SwiftUIViewSize/Info.plist;
				IPHONEOS_DEPLOYMENT_TARGET = 14.0;
				LD_RUNPATH_SEARCH_PATHS = (
					"$(inherited)",
					"@executable_path/Frameworks",
				);
				PRODUCT_BUNDLE_IDENTIFIER = com.maetschl.example.SwiftUIViewSize;
				PRODUCT_NAME = "$(TARGET_NAME)";
				SWIFT_VERSION = 5.0;
				TARGETED_DEVICE_FAMILY = "1,2";
			};
			name = Release;
		};
/* End XCBuildConfiguration section */

/* Begin XCConfigurationList section */
		67514C2A258A551400B2558B /* Build configuration list for PBXProject "SwiftUIViewSize" */ = {
			isa = XCConfigurationList;
			buildConfigurations = (
				67514C3C258A551A00B2558B /* Debug */,
				67514C3D258A551A00B2558B /* Release */,
			);
			defaultConfigurationIsVisible = 0;
			defaultConfigurationName = Release;
		};
		67514C3E258A551A00B2558B /* Build configuration list for PBXNativeTarget "SwiftUIViewSize" */ = {
			isa = XCConfigurationList;
			buildConfigurations = (
				67514C3F258A551A00B2558B /* Debug */,
				67514C40258A551A00B2558B /* Release */,
			);
			defaultConfigurationIsVisible = 0;
			defaultConfigurationName = Release;
		};
/* End XCConfigurationList section */
	};
	rootObject = 67514C27258A551400B2558B /* Project object */;
}
