// !$*UTF8*$!
{
	archiveVersion = 1;
	classes = {
	};
	objectVersion = 50;
	objects = {

/* Begin PBXBuildFile section */
		670986A0244B6CF400693E21 /* AppDelegate.swift in Sources */ = {isa = PBXBuildFile; fileRef = 6709869F244B6CF400693E21 /* AppDelegate.swift */; };
		670986A2244B6CF500693E21 /* GameScene.sks in Resources */ = {isa = PBXBuildFile; fileRef = 670986A1244B6CF400693E21 /* GameScene.sks */; };
		670986A4244B6CF500693E21 /* Actions.sks in Resources */ = {isa = PBXBuildFile; fileRef = 670986A3244B6CF500693E21 /* Actions.sks */; };
		670986A6244B6CF500693E21 /* GameScene.swift in Sources */ = {isa = PBXBuildFile; fileRef = 670986A5244B6CF500693E21 /* GameScene.swift */; };
		670986A8244B6CF500693E21 /* GameViewController.swift in Sources */ = {isa = PBXBuildFile; fileRef = 670986A7244B6CF500693E21 /* GameViewController.swift */; };
		670986AB244B6CF500693E21 /* Main.storyboard in Resources */ = {isa = PBXBuildFile; fileRef = 670986A9244B6CF500693E21 /* Main.storyboard */; };
		670986AD244B6CF600693E21 /* Assets.xcassets in Resources */ = {isa = PBXBuildFile; fileRef = 670986AC244B6CF600693E21 /* Assets.xcassets */; };
		670986B0244B6CF600693E21 /* LaunchScreen.storyboard in Resources */ = {isa = PBXBuildFile; fileRef = 670986AE244B6CF600693E21 /* LaunchScreen.storyboard */; };
/* End PBXBuildFile section */

/* Begin PBXFileReference section */
		6709869C244B6CF400693E21 /* StateMachineAnimation.app */ = {isa = PBXFileReference; explicitFileType = wrapper.application; includeInIndex = 0; path = StateMachineAnimation.app; sourceTree = BUILT_PRODUCTS_DIR; };
		6709869F244B6CF400693E21 /* AppDelegate.swift */ = {isa = PBXFileReference; lastKnownFileType = sourcecode.swift; path = AppDelegate.swift; sourceTree = "<group>"; };
		670986A1244B6CF400693E21 /* GameScene.sks */ = {isa = PBXFileReference; lastKnownFileType = file.sks; path = GameScene.sks; sourceTree = "<group>"; };
		670986A3244B6CF500693E21 /* Actions.sks */ = {isa = PBXFileReference; lastKnownFileType = file.sks; path = Actions.sks; sourceTree = "<group>"; };
		670986A5244B6CF500693E21 /* GameScene.swift */ = {isa = PBXFileReference; lastKnownFileType = sourcecode.swift; path = GameScene.swift; sourceTree = "<group>"; };
		670986A7244B6CF500693E21 /* GameViewController.swift */ = {isa = PBXFileReference; lastKnownFileType = sourcecode.swift; path = GameViewController.swift; sourceTree = "<group>"; };
		670986AA244B6CF500693E21 /* Base */ = {isa = PBXFileReference; lastKnownFileType = file.storyboard; name = Base; path = Base.lproj/Main.storyboard; sourceTree = "<group>"; };
		670986AC244B6CF600693E21 /* Assets.xcassets */ = {isa = PBXFileReference; lastKnownFileType = folder.assetcatalog; path = Assets.xcassets; sourceTree = "<group>"; };
		670986AF244B6CF600693E21 /* Base */ = {isa = PBXFileReference; lastKnownFileType = file.storyboard; name = Base; path = Base.lproj/LaunchScreen.storyboard; sourceTree = "<group>"; };
		670986B1244B6CF600693E21 /* Info.plist */ = {isa = PBXFileReference; lastKnownFileType = text.plist.xml; path = Info.plist; sourceTree = "<group>"; };
/* End PBXFileReference section */

/* Begin PBXFrameworksBuildPhase section */
		67098699244B6CF400693E21 /* Frameworks */ = {
			isa = PBXFrameworksBuildPhase;
			buildActionMask = 2147483647;
			files = (
			);
			runOnlyForDeploymentPostprocessing = 0;
		};
/* End PBXFrameworksBuildPhase section */

/* Begin PBXGroup section */
		67098693244B6CF400693E21 = {
			isa = PBXGroup;
			children = (
				6709869E244B6CF400693E21 /* StateMachineAnimation */,
				6709869D244B6CF400693E21 /* Products */,
			);
			sourceTree = "<group>";
		};
		6709869D244B6CF400693E21 /* Products */ = {
			isa = PBXGroup;
			children = (
				6709869C244B6CF400693E21 /* StateMachineAnimation.app */,
			);
			name = Products;
			sourceTree = "<group>";
		};
		6709869E244B6CF400693E21 /* StateMachineAnimation */ = {
			isa = PBXGroup;
			children = (
				6709869F244B6CF400693E21 /* AppDelegate.swift */,
				670986A1244B6CF400693E21 /* GameScene.sks */,
				670986A3244B6CF500693E21 /* Actions.sks */,
				670986A5244B6CF500693E21 /* GameScene.swift */,
				670986A7244B6CF500693E21 /* GameViewController.swift */,
				670986A9244B6CF500693E21 /* Main.storyboard */,
				670986AC244B6CF600693E21 /* Assets.xcassets */,
				670986AE244B6CF600693E21 /* LaunchScreen.storyboard */,
				670986B1244B6CF600693E21 /* Info.plist */,
			);
			path = StateMachineAnimation;
			sourceTree = "<group>";
		};
/* End PBXGroup section */

/* Begin PBXNativeTarget section */
		6709869B244B6CF400693E21 /* StateMachineAnimation */ = {
			isa = PBXNativeTarget;
			buildConfigurationList = 670986B4244B6CF700693E21 /* Build configuration list for PBXNativeTarget "StateMachineAnimation" */;
			buildPhases = (
				67098698244B6CF400693E21 /* Sources */,
				67098699244B6CF400693E21 /* Frameworks */,
				6709869A244B6CF400693E21 /* Resources */,
			);
			buildRules = (
			);
			dependencies = (
			);
			name = StateMachineAnimation;
			productName = StateMachineAnimation;
			productReference = 6709869C244B6CF400693E21 /* StateMachineAnimation.app */;
			productType = "com.apple.product-type.application";
		};
/* End PBXNativeTarget section */

/* Begin PBXProject section */
		67098694244B6CF400693E21 /* Project object */ = {
			isa = PBXProject;
			attributes = {
				LastSwiftUpdateCheck = 1140;
				LastUpgradeCheck = 1140;
				ORGANIZATIONNAME = Maetschl;
				TargetAttributes = {
					6709869B244B6CF400693E21 = {
						CreatedOnToolsVersion = 11.4;
					};
				};
			};
			buildConfigurationList = 67098697244B6CF400693E21 /* Build configuration list for PBXProject "StateMachineAnimation" */;
			compatibilityVersion = "Xcode 9.3";
			developmentRegion = en;
			hasScannedForEncodings = 0;
			knownRegions = (
				en,
				Base,
			);
			mainGroup = 67098693244B6CF400693E21;
			productRefGroup = 6709869D244B6CF400693E21 /* Products */;
			projectDirPath = "";
			projectRoot = "";
			targets = (
				6709869B244B6CF400693E21 /* StateMachineAnimation */,
			);
		};
/* End PBXProject section */

/* Begin PBXResourcesBuildPhase section */
		6709869A244B6CF400693E21 /* Resources */ = {
			isa = PBXResourcesBuildPhase;
			buildActionMask = 2147483647;
			files = (
				670986AB244B6CF500693E21 /* Main.storyboard in Resources */,
				670986A2244B6CF500693E21 /* GameScene.sks in Resources */,
				670986AD244B6CF600693E21 /* Assets.xcassets in Resources */,
				670986B0244B6CF600693E21 /* LaunchScreen.storyboard in Resources */,
				670986A4244B6CF500693E21 /* Actions.sks in Resources */,
			);
			runOnlyForDeploymentPostprocessing = 0;
		};
/* End PBXResourcesBuildPhase section */

/* Begin PBXSourcesBuildPhase section */
		67098698244B6CF400693E21 /* Sources */ = {
			isa = PBXSourcesBuildPhase;
			buildActionMask = 2147483647;
			files = (
				670986A6244B6CF500693E21 /* GameScene.swift in Sources */,
				670986A8244B6CF500693E21 /* GameViewController.swift in Sources */,
				670986A0244B6CF400693E21 /* AppDelegate.swift in Sources */,
			);
			runOnlyForDeploymentPostprocessing = 0;
		};
/* End PBXSourcesBuildPhase section */

/* Begin PBXVariantGroup section */
		670986A9244B6CF500693E21 /* Main.storyboard */ = {
			isa = PBXVariantGroup;
			children = (
				670986AA244B6CF500693E21 /* Base */,
			);
			name = Main.storyboard;
			sourceTree = "<group>";
		};
		670986AE244B6CF600693E21 /* LaunchScreen.storyboard */ = {
			isa = PBXVariantGroup;
			children = (
				670986AF244B6CF600693E21 /* Base */,
			);
			name = LaunchScreen.storyboard;
			sourceTree = "<group>";
		};
/* End PBXVariantGroup section */

/* Begin XCBuildConfiguration section */
		670986B2244B6CF700693E21 /* Debug */ = {
			isa = XCBuildConfiguration;
			buildSettings = {
				ALWAYS_SEARCH_USER_PATHS = NO;
				CLANG_ANALYZER_NONNULL = YES;
				CLANG_ANALYZER_NUMBER_OBJECT_CONVERSION = YES_AGGRESSIVE;
				CLANG_CXX_LANGUAGE_STANDARD = "gnu++14";
				CLANG_CXX_LIBRARY = "libc++";
				CLANG_ENABLE_MODULES = YES;
				CLANG_ENABLE_OBJC_ARC = YES;
				CLANG_ENABLE_OBJC_WEAK = YES;
				CLANG_WARN_BLOCK_CAPTURE_AUTORELEASING = YES;
				CLANG_WARN_BOOL_CONVERSION = YES;
				CLANG_WARN_COMMA = YES;
				CLANG_WARN_CONSTANT_CONVERSION = YES;
				CLANG_WARN_DEPRECATED_OBJC_IMPLEMENTATIONS = YES;
				CLANG_WARN_DIRECT_OBJC_ISA_USAGE = YES_ERROR;
				CLANG_WARN_DOCUMENTATION_COMMENTS = YES;
				CLANG_WARN_EMPTY_BODY = YES;
				CLANG_WARN_ENUM_CONVERSION = YES;
				CLANG_WARN_INFINITE_RECURSION = YES;
				CLANG_WARN_INT_CONVERSION = YES;
				CLANG_WARN_NON_LITERAL_NULL_CONVERSION = YES;
				CLANG_WARN_OBJC_IMPLICIT_RETAIN_SELF = YES;
				CLANG_WARN_OBJC_LITERAL_CONVERSION = YES;
				CLANG_WARN_OBJC_ROOT_CLASS = YES_ERROR;
				CLANG_WARN_RANGE_LOOP_ANALYSIS = YES;
				CLANG_WARN_STRICT_PROTOTYPES = YES;
				CLANG_WARN_SUSPICIOUS_MOVE = YES;
				CLANG_WARN_UNGUARDED_AVAILABILITY = YES_AGGRESSIVE;
				CLANG_WARN_UNREACHABLE_CODE = YES;
				CLANG_WARN__DUPLICATE_METHOD_MATCH = YES;
				COPY_PHASE_STRIP = NO;
				DEBUG_INFORMATION_FORMAT = dwarf;
				ENABLE_STRICT_OBJC_MSGSEND = YES;
				ENABLE_TESTABILITY = YES;
				GCC_C_LANGUAGE_STANDARD = gnu11;
				GCC_DYNAMIC_NO_PIC = NO;
				GCC_NO_COMMON_BLOCKS = YES;
				GCC_OPTIMIZATION_LEVEL = 0;
				GCC_PREPROCESSOR_DEFINITIONS = (
					"DEBUG=1",
					"$(inherited)",
				);
				GCC_WARN_64_TO_32_BIT_CONVERSION = YES;
				GCC_WARN_ABOUT_RETURN_TYPE = YES_ERROR;
				GCC_WARN_UNDECLARED_SELECTOR = YES;
				GCC_WARN_UNINITIALIZED_AUTOS = YES_AGGRESSIVE;
				GCC_WARN_UNUSED_FUNCTION = YES;
				GCC_WARN_UNUSED_VARIABLE = YES;
				IPHONEOS_DEPLOYMENT_TARGET = 13.4;
				MTL_ENABLE_DEBUG_INFO = INCLUDE_SOURCE;
				MTL_FAST_MATH = YES;
				ONLY_ACTIVE_ARCH = YES;
				SDKROOT = iphoneos;
				SWIFT_ACTIVE_COMPILATION_CONDITIONS = DEBUG;
				SWIFT_OPTIMIZATION_LEVEL = "-Onone";
			};
			name = Debug;
		};
		670986B3244B6CF700693E21 /* Release */ = {
			isa = XCBuildConfiguration;
			buildSettings = {
				ALWAYS_SEARCH_USER_PATHS = NO;
				CLANG_ANALYZER_NONNULL = YES;
				CLANG_ANALYZER_NUMBER_OBJECT_CONVERSION = YES_AGGRESSIVE;
				CLANG_CXX_LANGUAGE_STANDARD = "gnu++14";
				CLANG_CXX_LIBRARY = "libc++";
				CLANG_ENABLE_MODULES = YES;
				CLANG_ENABLE_OBJC_ARC = YES;
				CLANG_ENABLE_OBJC_WEAK = YES;
				CLANG_WARN_BLOCK_CAPTURE_AUTORELEASING = YES;
				CLANG_WARN_BOOL_CONVERSION = YES;
				CLANG_WARN_COMMA = YES;
				CLANG_WARN_CONSTANT_CONVERSION = YES;
				CLANG_WARN_DEPRECATED_OBJC_IMPLEMENTATIONS = YES;
				CLANG_WARN_DIRECT_OBJC_ISA_USAGE = YES_ERROR;
				CLANG_WARN_DOCUMENTATION_COMMENTS = YES;
				CLANG_WARN_EMPTY_BODY = YES;
				CLANG_WARN_ENUM_CONVERSION = YES;
				CLANG_WARN_INFINITE_RECURSION = YES;
				CLANG_WARN_INT_CONVERSION = YES;
				CLANG_WARN_NON_LITERAL_NULL_CONVERSION = YES;
				CLANG_WARN_OBJC_IMPLICIT_RETAIN_SELF = YES;
				CLANG_WARN_OBJC_LITERAL_CONVERSION = YES;
				CLANG_WARN_OBJC_ROOT_CLASS = YES_ERROR;
				CLANG_WARN_RANGE_LOOP_ANALYSIS = YES;
				CLANG_WARN_STRICT_PROTOTYPES = YES;
				CLANG_WARN_SUSPICIOUS_MOVE = YES;
				CLANG_WARN_UNGUARDED_AVAILABILITY = YES_AGGRESSIVE;
				CLANG_WARN_UNREACHABLE_CODE = YES;
				CLANG_WARN__DUPLICATE_METHOD_MATCH = YES;
				COPY_PHASE_STRIP = NO;
				DEBUG_INFORMATION_FORMAT = "dwarf-with-dsym";
				ENABLE_NS_ASSERTIONS = NO;
				ENABLE_STRICT_OBJC_MSGSEND = YES;
				GCC_C_LANGUAGE_STANDARD = gnu11;
				GCC_NO_COMMON_BLOCKS = YES;
				GCC_WARN_64_TO_32_BIT_CONVERSION = YES;
				GCC_WARN_ABOUT_RETURN_TYPE = YES_ERROR;
				GCC_WARN_UNDECLARED_SELECTOR = YES;
				GCC_WARN_UNINITIALIZED_AUTOS = YES_AGGRESSIVE;
				GCC_WARN_UNUSED_FUNCTION = YES;
				GCC_WARN_UNUSED_VARIABLE = YES;
				IPHONEOS_DEPLOYMENT_TARGET = 13.4;
				MTL_ENABLE_DEBUG_INFO = NO;
				MTL_FAST_MATH = YES;
				SDKROOT = iphoneos;
				SWIFT_COMPILATION_MODE = wholemodule;
				SWIFT_OPTIMIZATION_LEVEL = "-O";
				VALIDATE_PRODUCT = YES;
			};
			name = Release;
		};
		670986B5244B6CF700693E21 /* Debug */ = {
			isa = XCBuildConfiguration;
			buildSettings = {
				ASSETCATALOG_COMPILER_APPICON_NAME = AppIcon;
				CODE_SIGN_STYLE = Automatic;
				INFOPLIST_FILE = StateMachineAnimation/Info.plist;
				LD_RUNPATH_SEARCH_PATHS = (
					"$(inherited)",
					"@executable_path/Frameworks",
				);
				PRODUCT_BUNDLE_IDENTIFIER = com.maetschl.example.StateMachineAnimation;
				PRODUCT_NAME = "$(TARGET_NAME)";
				SWIFT_VERSION = 5.0;
				TARGETED_DEVICE_FAMILY = "1,2";
			};
			name = Debug;
		};
		670986B6244B6CF700693E21 /* Release */ = {
			isa = XCBuildConfiguration;
			buildSettings = {
				ASSETCATALOG_COMPILER_APPICON_NAME = AppIcon;
				CODE_SIGN_STYLE = Automatic;
				INFOPLIST_FILE = StateMachineAnimation/Info.plist;
				LD_RUNPATH_SEARCH_PATHS = (
					"$(inherited)",
					"@executable_path/Frameworks",
				);
				PRODUCT_BUNDLE_IDENTIFIER = com.maetschl.example.StateMachineAnimation;
				PRODUCT_NAME = "$(TARGET_NAME)";
				SWIFT_VERSION = 5.0;
				TARGETED_DEVICE_FAMILY = "1,2";
			};
			name = Release;
		};
/* End XCBuildConfiguration section */

/* Begin XCConfigurationList section */
		67098697244B6CF400693E21 /* Build configuration list for PBXProject "StateMachineAnimation" */ = {
			isa = XCConfigurationList;
			buildConfigurations = (
				670986B2244B6CF700693E21 /* Debug */,
				670986B3244B6CF700693E21 /* Release */,
			);
			defaultConfigurationIsVisible = 0;
			defaultConfigurationName = Release;
		};
		670986B4244B6CF700693E21 /* Build configuration list for PBXNativeTarget "StateMachineAnimation" */ = {
			isa = XCConfigurationList;
			buildConfigurations = (
				670986B5244B6CF700693E21 /* Debug */,
				670986B6244B6CF700693E21 /* Release */,
			);
			defaultConfigurationIsVisible = 0;
			defaultConfigurationName = Release;
		};
/* End XCConfigurationList section */
	};
	rootObject = 67098694244B6CF400693E21 /* Project object */;
}
