// !$*UTF8*$!
{
	archiveVersion = 1;
	classes = {
	};
	objectVersion = 50;
	objects = {

/* Begin PBXBuildFile section */
		677FAB5B247F01FE006AFA7A /* AppDelegate.swift in Sources */ = {isa = PBXBuildFile; fileRef = 677FAB5A247F01FE006AFA7A /* AppDelegate.swift */; };
		677FAB5D247F01FE006AFA7A /* GameScene.sks in Resources */ = {isa = PBXBuildFile; fileRef = 677FAB5C247F01FE006AFA7A /* GameScene.sks */; };
		677FAB61247F01FE006AFA7A /* GameScene.swift in Sources */ = {isa = PBXBuildFile; fileRef = 677FAB60247F01FE006AFA7A /* GameScene.swift */; };
		677FAB63247F01FE006AFA7A /* ViewController.swift in Sources */ = {isa = PBXBuildFile; fileRef = 677FAB62247F01FE006AFA7A /* ViewController.swift */; };
		677FAB65247F0200006AFA7A /* Assets.xcassets in Resources */ = {isa = PBXBuildFile; fileRef = 677FAB64247F0200006AFA7A /* Assets.xcassets */; };
		677FAB68247F0200006AFA7A /* Main.storyboard in Resources */ = {isa = PBXBuildFile; fileRef = 677FAB66247F0200006AFA7A /* Main.storyboard */; };
/* End PBXBuildFile section */

/* Begin PBXFileReference section */
		677FAB57247F01FE006AFA7A /* Fonts Game Selector.app */ = {isa = PBXFileReference; explicitFileType = wrapper.application; includeInIndex = 0; path = "Fonts Game Selector.app"; sourceTree = BUILT_PRODUCTS_DIR; };
		677FAB5A247F01FE006AFA7A /* AppDelegate.swift */ = {isa = PBXFileReference; lastKnownFileType = sourcecode.swift; path = AppDelegate.swift; sourceTree = "<group>"; };
		677FAB5C247F01FE006AFA7A /* GameScene.sks */ = {isa = PBXFileReference; lastKnownFileType = file.sks; path = GameScene.sks; sourceTree = "<group>"; };
		677FAB60247F01FE006AFA7A /* GameScene.swift */ = {isa = PBXFileReference; lastKnownFileType = sourcecode.swift; path = GameScene.swift; sourceTree = "<group>"; };
		677FAB62247F01FE006AFA7A /* ViewController.swift */ = {isa = PBXFileReference; lastKnownFileType = sourcecode.swift; path = ViewController.swift; sourceTree = "<group>"; };
		677FAB64247F0200006AFA7A /* Assets.xcassets */ = {isa = PBXFileReference; lastKnownFileType = folder.assetcatalog; path = Assets.xcassets; sourceTree = "<group>"; };
		677FAB67247F0200006AFA7A /* Base */ = {isa = PBXFileReference; lastKnownFileType = file.storyboard; name = Base; path = Base.lproj/Main.storyboard; sourceTree = "<group>"; };
		677FAB69247F0200006AFA7A /* Info.plist */ = {isa = PBXFileReference; lastKnownFileType = text.plist.xml; path = Info.plist; sourceTree = "<group>"; };
		677FAB6A247F0200006AFA7A /* Fonts_Game_Selector.entitlements */ = {isa = PBXFileReference; lastKnownFileType = text.plist.entitlements; path = Fonts_Game_Selector.entitlements; sourceTree = "<group>"; };
/* End PBXFileReference section */

/* Begin PBXFrameworksBuildPhase section */
		677FAB54247F01FE006AFA7A /* Frameworks */ = {
			isa = PBXFrameworksBuildPhase;
			buildActionMask = 2147483647;
			files = (
			);
			runOnlyForDeploymentPostprocessing = 0;
		};
/* End PBXFrameworksBuildPhase section */

/* Begin PBXGroup section */
		677FAB4E247F01FE006AFA7A = {
			isa = PBXGroup;
			children = (
				677FAB59247F01FE006AFA7A /* Fonts Game Selector */,
				677FAB58247F01FE006AFA7A /* Products */,
			);
			sourceTree = "<group>";
		};
		677FAB58247F01FE006AFA7A /* Products */ = {
			isa = PBXGroup;
			children = (
				677FAB57247F01FE006AFA7A /* Fonts Game Selector.app */,
			);
			name = Products;
			sourceTree = "<group>";
		};
		677FAB59247F01FE006AFA7A /* Fonts Game Selector */ = {
			isa = PBXGroup;
			children = (
				677FAB5A247F01FE006AFA7A /* AppDelegate.swift */,
				677FAB5C247F01FE006AFA7A /* GameScene.sks */,
				677FAB60247F01FE006AFA7A /* GameScene.swift */,
				677FAB62247F01FE006AFA7A /* ViewController.swift */,
				677FAB64247F0200006AFA7A /* Assets.xcassets */,
				677FAB66247F0200006AFA7A /* Main.storyboard */,
				677FAB69247F0200006AFA7A /* Info.plist */,
				677FAB6A247F0200006AFA7A /* Fonts_Game_Selector.entitlements */,
			);
			path = "Fonts Game Selector";
			sourceTree = "<group>";
		};
/* End PBXGroup section */

/* Begin PBXNativeTarget section */
		677FAB56247F01FE006AFA7A /* Fonts Game Selector */ = {
			isa = PBXNativeTarget;
			buildConfigurationList = 677FAB6D247F0200006AFA7A /* Build configuration list for PBXNativeTarget "Fonts Game Selector" */;
			buildPhases = (
				677FAB53247F01FE006AFA7A /* Sources */,
				677FAB54247F01FE006AFA7A /* Frameworks */,
				677FAB55247F01FE006AFA7A /* Resources */,
			);
			buildRules = (
			);
			dependencies = (
			);
			name = "Fonts Game Selector";
			productName = "Fonts Game Selector";
			productReference = 677FAB57247F01FE006AFA7A /* Fonts Game Selector.app */;
			productType = "com.apple.product-type.application";
		};
/* End PBXNativeTarget section */

/* Begin PBXProject section */
		677FAB4F247F01FE006AFA7A /* Project object */ = {
			isa = PBXProject;
			attributes = {
				LastSwiftUpdateCheck = 1140;
				LastUpgradeCheck = 1140;
				ORGANIZATIONNAME = Maetschl;
				TargetAttributes = {
					677FAB56247F01FE006AFA7A = {
						CreatedOnToolsVersion = 11.4.1;
					};
				};
			};
			buildConfigurationList = 677FAB52247F01FE006AFA7A /* Build configuration list for PBXProject "Fonts Game Selector" */;
			compatibilityVersion = "Xcode 9.3";
			developmentRegion = en;
			hasScannedForEncodings = 0;
			knownRegions = (
				en,
				Base,
			);
			mainGroup = 677FAB4E247F01FE006AFA7A;
			productRefGroup = 677FAB58247F01FE006AFA7A /* Products */;
			projectDirPath = "";
			projectRoot = "";
			targets = (
				677FAB56247F01FE006AFA7A /* Fonts Game Selector */,
			);
		};
/* End PBXProject section */

/* Begin PBXResourcesBuildPhase section */
		677FAB55247F01FE006AFA7A /* Resources */ = {
			isa = PBXResourcesBuildPhase;
			buildActionMask = 2147483647;
			files = (
				677FAB5D247F01FE006AFA7A /* GameScene.sks in Resources */,
				677FAB65247F0200006AFA7A /* Assets.xcassets in Resources */,
				677FAB68247F0200006AFA7A /* Main.storyboard in Resources */,
			);
			runOnlyForDeploymentPostprocessing = 0;
		};
/* End PBXResourcesBuildPhase section */

/* Begin PBXSourcesBuildPhase section */
		677FAB53247F01FE006AFA7A /* Sources */ = {
			isa = PBXSourcesBuildPhase;
			buildActionMask = 2147483647;
			files = (
				677FAB63247F01FE006AFA7A /* ViewController.swift in Sources */,
				677FAB61247F01FE006AFA7A /* GameScene.swift in Sources */,
				677FAB5B247F01FE006AFA7A /* AppDelegate.swift in Sources */,
			);
			runOnlyForDeploymentPostprocessing = 0;
		};
/* End PBXSourcesBuildPhase section */

/* Begin PBXVariantGroup section */
		677FAB66247F0200006AFA7A /* Main.storyboard */ = {
			isa = PBXVariantGroup;
			children = (
				677FAB67247F0200006AFA7A /* Base */,
			);
			name = Main.storyboard;
			sourceTree = "<group>";
		};
/* End PBXVariantGroup section */

/* Begin XCBuildConfiguration section */
		677FAB6B247F0200006AFA7A /* Debug */ = {
			isa = XCBuildConfiguration;
			buildSettings = {
				ALWAYS_SEARCH_USER_PATHS = NO;
				CLANG_ANALYZER_NONNULL = YES;
				CLANG_ANALYZER_NUMBER_OBJECT_CONVERSION = YES_AGGRESSIVE;
				CLANG_CXX_LANGUAGE_STANDARD = "gnu++14";
				CLANG_CXX_LIBRARY = "libc++";
				CLANG_ENABLE_MODULES = YES;
				CLANG_ENABLE_OBJC_ARC = YES;
				CLANG_ENABLE_OBJC_WEAK = YES;
				CLANG_WARN_BLOCK_CAPTURE_AUTORELEASING = YES;
				CLANG_WARN_BOOL_CONVERSION = YES;
				CLANG_WARN_COMMA = YES;
				CLANG_WARN_CONSTANT_CONVERSION = YES;
				CLANG_WARN_DEPRECATED_OBJC_IMPLEMENTATIONS = YES;
				CLANG_WARN_DIRECT_OBJC_ISA_USAGE = YES_ERROR;
				CLANG_WARN_DOCUMENTATION_COMMENTS = YES;
				CLANG_WARN_EMPTY_BODY = YES;
				CLANG_WARN_ENUM_CONVERSION = YES;
				CLANG_WARN_INFINITE_RECURSION = YES;
				CLANG_WARN_INT_CONVERSION = YES;
				CLANG_WARN_NON_LITERAL_NULL_CONVERSION = YES;
				CLANG_WARN_OBJC_IMPLICIT_RETAIN_SELF = YES;
				CLANG_WARN_OBJC_LITERAL_CONVERSION = YES;
				CLANG_WARN_OBJC_ROOT_CLASS = YES_ERROR;
				CLANG_WARN_RANGE_LOOP_ANALYSIS = YES;
				CLANG_WARN_STRICT_PROTOTYPES = YES;
				CLANG_WARN_SUSPICIOUS_MOVE = YES;
				CLANG_WARN_UNGUARDED_AVAILABILITY = YES_AGGRESSIVE;
				CLANG_WARN_UNREACHABLE_CODE = YES;
				CLANG_WARN__DUPLICATE_METHOD_MATCH = YES;
				COPY_PHASE_STRIP = NO;
				DEBUG_INFORMATION_FORMAT = dwarf;
				ENABLE_STRICT_OBJC_MSGSEND = YES;
				ENABLE_TESTABILITY = YES;
				GCC_C_LANGUAGE_STANDARD = gnu11;
				GCC_DYNAMIC_NO_PIC = NO;
				GCC_NO_COMMON_BLOCKS = YES;
				GCC_OPTIMIZATION_LEVEL = 0;
				GCC_PREPROCESSOR_DEFINITIONS = (
					"DEBUG=1",
					"$(inherited)",
				);
				GCC_WARN_64_TO_32_BIT_CONVERSION = YES;
				GCC_WARN_ABOUT_RETURN_TYPE = YES_ERROR;
				GCC_WARN_UNDECLARED_SELECTOR = YES;
				GCC_WARN_UNINITIALIZED_AUTOS = YES_AGGRESSIVE;
				GCC_WARN_UNUSED_FUNCTION = YES;
				GCC_WARN_UNUSED_VARIABLE = YES;
				MACOSX_DEPLOYMENT_TARGET = 10.15;
				MTL_ENABLE_DEBUG_INFO = INCLUDE_SOURCE;
				MTL_FAST_MATH = YES;
				ONLY_ACTIVE_ARCH = YES;
				SDKROOT = macosx;
				SWIFT_ACTIVE_COMPILATION_CONDITIONS = DEBUG;
				SWIFT_OPTIMIZATION_LEVEL = "-Onone";
			};
			name = Debug;
		};
		677FAB6C247F0200006AFA7A /* Release */ = {
			isa = XCBuildConfiguration;
			buildSettings = {
				ALWAYS_SEARCH_USER_PATHS = NO;
				CLANG_ANALYZER_NONNULL = YES;
				CLANG_ANALYZER_NUMBER_OBJECT_CONVERSION = YES_AGGRESSIVE;
				CLANG_CXX_LANGUAGE_STANDARD = "gnu++14";
				CLANG_CXX_LIBRARY = "libc++";
				CLANG_ENABLE_MODULES = YES;
				CLANG_ENABLE_OBJC_ARC = YES;
				CLANG_ENABLE_OBJC_WEAK = YES;
				CLANG_WARN_BLOCK_CAPTURE_AUTORELEASING = YES;
				CLANG_WARN_BOOL_CONVERSION = YES;
				CLANG_WARN_COMMA = YES;
				CLANG_WARN_CONSTANT_CONVERSION = YES;
				CLANG_WARN_DEPRECATED_OBJC_IMPLEMENTATIONS = YES;
				CLANG_WARN_DIRECT_OBJC_ISA_USAGE = YES_ERROR;
				CLANG_WARN_DOCUMENTATION_COMMENTS = YES;
				CLANG_WARN_EMPTY_BODY = YES;
				CLANG_WARN_ENUM_CONVERSION = YES;
				CLANG_WARN_INFINITE_RECURSION = YES;
				CLANG_WARN_INT_CONVERSION = YES;
				CLANG_WARN_NON_LITERAL_NULL_CONVERSION = YES;
				CLANG_WARN_OBJC_IMPLICIT_RETAIN_SELF = YES;
				CLANG_WARN_OBJC_LITERAL_CONVERSION = YES;
				CLANG_WARN_OBJC_ROOT_CLASS = YES_ERROR;
				CLANG_WARN_RANGE_LOOP_ANALYSIS = YES;
				CLANG_WARN_STRICT_PROTOTYPES = YES;
				CLANG_WARN_SUSPICIOUS_MOVE = YES;
				CLANG_WARN_UNGUARDED_AVAILABILITY = YES_AGGRESSIVE;
				CLANG_WARN_UNREACHABLE_CODE = YES;
				CLANG_WARN__DUPLICATE_METHOD_MATCH = YES;
				COPY_PHASE_STRIP = NO;
				DEBUG_INFORMATION_FORMAT = "dwarf-with-dsym";
				ENABLE_NS_ASSERTIONS = NO;
				ENABLE_STRICT_OBJC_MSGSEND = YES;
				GCC_C_LANGUAGE_STANDARD = gnu11;
				GCC_NO_COMMON_BLOCKS = YES;
				GCC_WARN_64_TO_32_BIT_CONVERSION = YES;
				GCC_WARN_ABOUT_RETURN_TYPE = YES_ERROR;
				GCC_WARN_UNDECLARED_SELECTOR = YES;
				GCC_WARN_UNINITIALIZED_AUTOS = YES_AGGRESSIVE;
				GCC_WARN_UNUSED_FUNCTION = YES;
				GCC_WARN_UNUSED_VARIABLE = YES;
				MACOSX_DEPLOYMENT_TARGET = 10.15;
				MTL_ENABLE_DEBUG_INFO = NO;
				MTL_FAST_MATH = YES;
				SDKROOT = macosx;
				SWIFT_COMPILATION_MODE = wholemodule;
				SWIFT_OPTIMIZATION_LEVEL = "-O";
			};
			name = Release;
		};
		677FAB6E247F0200006AFA7A /* Debug */ = {
			isa = XCBuildConfiguration;
			buildSettings = {
				ASSETCATALOG_COMPILER_APPICON_NAME = AppIcon;
				CODE_SIGN_ENTITLEMENTS = "Fonts Game Selector/Fonts_Game_Selector.entitlements";
				CODE_SIGN_STYLE = Automatic;
				COMBINE_HIDPI_IMAGES = YES;
				DEVELOPMENT_TEAM = HKD2VCZ3TM;
				ENABLE_HARDENED_RUNTIME = YES;
				INFOPLIST_FILE = "Fonts Game Selector/Info.plist";
				LD_RUNPATH_SEARCH_PATHS = (
					"$(inherited)",
					"@executable_path/../Frameworks",
				);
				PRODUCT_BUNDLE_IDENTIFIER = "com.maetschl.Fonts-Game-Selector";
				PRODUCT_NAME = "$(TARGET_NAME)";
				SWIFT_VERSION = 5.0;
			};
			name = Debug;
		};
		677FAB6F247F0200006AFA7A /* Release */ = {
			isa = XCBuildConfiguration;
			buildSettings = {
				ASSETCATALOG_COMPILER_APPICON_NAME = AppIcon;
				CODE_SIGN_ENTITLEMENTS = "Fonts Game Selector/Fonts_Game_Selector.entitlements";
				CODE_SIGN_STYLE = Automatic;
				COMBINE_HIDPI_IMAGES = YES;
				DEVELOPMENT_TEAM = HKD2VCZ3TM;
				ENABLE_HARDENED_RUNTIME = YES;
				INFOPLIST_FILE = "Fonts Game Selector/Info.plist";
				LD_RUNPATH_SEARCH_PATHS = (
					"$(inherited)",
					"@executable_path/../Frameworks",
				);
				PRODUCT_BUNDLE_IDENTIFIER = "com.maetschl.Fonts-Game-Selector";
				PRODUCT_NAME = "$(TARGET_NAME)";
				SWIFT_VERSION = 5.0;
			};
			name = Release;
		};
/* End XCBuildConfiguration section */

/* Begin XCConfigurationList section */
		677FAB52247F01FE006AFA7A /* Build configuration list for PBXProject "Fonts Game Selector" */ = {
			isa = XCConfigurationList;
			buildConfigurations = (
				677FAB6B247F0200006AFA7A /* Debug */,
				677FAB6C247F0200006AFA7A /* Release */,
			);
			defaultConfigurationIsVisible = 0;
			defaultConfigurationName = Release;
		};
		677FAB6D247F0200006AFA7A /* Build configuration list for PBXNativeTarget "Fonts Game Selector" */ = {
			isa = XCConfigurationList;
			buildConfigurations = (
				677FAB6E247F0200006AFA7A /* Debug */,
				677FAB6F247F0200006AFA7A /* Release */,
			);
			defaultConfigurationIsVisible = 0;
			defaultConfigurationName = Release;
		};
/* End XCConfigurationList section */
	};
	rootObject = 677FAB4F247F01FE006AFA7A /* Project object */;
}
