// !$*UTF8*$!
{
	archiveVersion = 1;
	classes = {
	};
	objectVersion = 50;
	objects = {

/* Begin PBXBuildFile section */
		671DA7B7247C1E6F00B2E50A /* AppDelegate.swift in Sources */ = {isa = PBXBuildFile; fileRef = 671DA7B6247C1E6F00B2E50A /* AppDelegate.swift */; };
		671DA7B9247C1E6F00B2E50A /* GameScene.sks in Resources */ = {isa = PBXBuildFile; fileRef = 671DA7B8247C1E6F00B2E50A /* GameScene.sks */; };
		671DA7BD247C1E6F00B2E50A /* GameScene.swift in Sources */ = {isa = PBXBuildFile; fileRef = 671DA7BC247C1E6F00B2E50A /* GameScene.swift */; };
		671DA7BF247C1E6F00B2E50A /* GameViewController.swift in Sources */ = {isa = PBXBuildFile; fileRef = 671DA7BE247C1E6F00B2E50A /* GameViewController.swift */; };
		671DA7C2247C1E6F00B2E50A /* Main.storyboard in Resources */ = {isa = PBXBuildFile; fileRef = 671DA7C0247C1E6F00B2E50A /* Main.storyboard */; };
		671DA7C4247C1E7200B2E50A /* Assets.xcassets in Resources */ = {isa = PBXBuildFile; fileRef = 671DA7C3247C1E7200B2E50A /* Assets.xcassets */; };
		671DA7C7247C1E7200B2E50A /* LaunchScreen.storyboard in Resources */ = {isa = PBXBuildFile; fileRef = 671DA7C5247C1E7200B2E50A /* LaunchScreen.storyboard */; };
		671DA7CF247C1EE000B2E50A /* ExampleTileSet.sks in Resources */ = {isa = PBXBuildFile; fileRef = 671DA7CE247C1EE000B2E50A /* ExampleTileSet.sks */; };
/* End PBXBuildFile section */

/* Begin PBXFileReference section */
		671DA7B3247C1E6F00B2E50A /* CenterTileMap.app */ = {isa = PBXFileReference; explicitFileType = wrapper.application; includeInIndex = 0; path = CenterTileMap.app; sourceTree = BUILT_PRODUCTS_DIR; };
		671DA7B6247C1E6F00B2E50A /* AppDelegate.swift */ = {isa = PBXFileReference; lastKnownFileType = sourcecode.swift; path = AppDelegate.swift; sourceTree = "<group>"; };
		671DA7B8247C1E6F00B2E50A /* GameScene.sks */ = {isa = PBXFileReference; lastKnownFileType = file.sks; path = GameScene.sks; sourceTree = "<group>"; };
		671DA7BC247C1E6F00B2E50A /* GameScene.swift */ = {isa = PBXFileReference; lastKnownFileType = sourcecode.swift; path = GameScene.swift; sourceTree = "<group>"; };
		671DA7BE247C1E6F00B2E50A /* GameViewController.swift */ = {isa = PBXFileReference; lastKnownFileType = sourcecode.swift; path = GameViewController.swift; sourceTree = "<group>"; };
		671DA7C1247C1E6F00B2E50A /* Base */ = {isa = PBXFileReference; lastKnownFileType = file.storyboard; name = Base; path = Base.lproj/Main.storyboard; sourceTree = "<group>"; };
		671DA7C3247C1E7200B2E50A /* Assets.xcassets */ = {isa = PBXFileReference; lastKnownFileType = folder.assetcatalog; path = Assets.xcassets; sourceTree = "<group>"; };
		671DA7C6247C1E7200B2E50A /* Base */ = {isa = PBXFileReference; lastKnownFileType = file.storyboard; name = Base; path = Base.lproj/LaunchScreen.storyboard; sourceTree = "<group>"; };
		671DA7C8247C1E7200B2E50A /* Info.plist */ = {isa = PBXFileReference; lastKnownFileType = text.plist.xml; path = Info.plist; sourceTree = "<group>"; };
		671DA7CE247C1EE000B2E50A /* ExampleTileSet.sks */ = {isa = PBXFileReference; lastKnownFileType = file.sks; path = ExampleTileSet.sks; sourceTree = "<group>"; };
/* End PBXFileReference section */

/* Begin PBXFrameworksBuildPhase section */
		671DA7B0247C1E6F00B2E50A /* Frameworks */ = {
			isa = PBXFrameworksBuildPhase;
			buildActionMask = 2147483647;
			files = (
			);
			runOnlyForDeploymentPostprocessing = 0;
		};
/* End PBXFrameworksBuildPhase section */

/* Begin PBXGroup section */
		671DA7AA247C1E6F00B2E50A = {
			isa = PBXGroup;
			children = (
				671DA7B5247C1E6F00B2E50A /* CenterTileMap */,
				671DA7B4247C1E6F00B2E50A /* Products */,
			);
			sourceTree = "<group>";
		};
		671DA7B4247C1E6F00B2E50A /* Products */ = {
			isa = PBXGroup;
			children = (
				671DA7B3247C1E6F00B2E50A /* CenterTileMap.app */,
			);
			name = Products;
			sourceTree = "<group>";
		};
		671DA7B5247C1E6F00B2E50A /* CenterTileMap */ = {
			isa = PBXGroup;
			children = (
				671DA7B6247C1E6F00B2E50A /* AppDelegate.swift */,
				671DA7B8247C1E6F00B2E50A /* GameScene.sks */,
				671DA7BC247C1E6F00B2E50A /* GameScene.swift */,
				671DA7BE247C1E6F00B2E50A /* GameViewController.swift */,
				671DA7C0247C1E6F00B2E50A /* Main.storyboard */,
				671DA7C3247C1E7200B2E50A /* Assets.xcassets */,
				671DA7C5247C1E7200B2E50A /* LaunchScreen.storyboard */,
				671DA7C8247C1E7200B2E50A /* Info.plist */,
				671DA7CE247C1EE000B2E50A /* ExampleTileSet.sks */,
			);
			path = CenterTileMap;
			sourceTree = "<group>";
		};
/* End PBXGroup section */

/* Begin PBXNativeTarget section */
		671DA7B2247C1E6F00B2E50A /* CenterTileMap */ = {
			isa = PBXNativeTarget;
			buildConfigurationList = 671DA7CB247C1E7200B2E50A /* Build configuration list for PBXNativeTarget "CenterTileMap" */;
			buildPhases = (
				671DA7AF247C1E6F00B2E50A /* Sources */,
				671DA7B0247C1E6F00B2E50A /* Frameworks */,
				671DA7B1247C1E6F00B2E50A /* Resources */,
			);
			buildRules = (
			);
			dependencies = (
			);
			name = CenterTileMap;
			productName = CenterTileMap;
			productReference = 671DA7B3247C1E6F00B2E50A /* CenterTileMap.app */;
			productType = "com.apple.product-type.application";
		};
/* End PBXNativeTarget section */

/* Begin PBXProject section */
		671DA7AB247C1E6F00B2E50A /* Project object */ = {
			isa = PBXProject;
			attributes = {
				LastSwiftUpdateCheck = 1140;
				LastUpgradeCheck = 1140;
				ORGANIZATIONNAME = Maetschl;
				TargetAttributes = {
					671DA7B2247C1E6F00B2E50A = {
						CreatedOnToolsVersion = 11.4.1;
					};
				};
			};
			buildConfigurationList = 671DA7AE247C1E6F00B2E50A /* Build configuration list for PBXProject "CenterTileMap" */;
			compatibilityVersion = "Xcode 9.3";
			developmentRegion = en;
			hasScannedForEncodings = 0;
			knownRegions = (
				en,
				Base,
			);
			mainGroup = 671DA7AA247C1E6F00B2E50A;
			productRefGroup = 671DA7B4247C1E6F00B2E50A /* Products */;
			projectDirPath = "";
			projectRoot = "";
			targets = (
				671DA7B2247C1E6F00B2E50A /* CenterTileMap */,
			);
		};
/* End PBXProject section */

/* Begin PBXResourcesBuildPhase section */
		671DA7B1247C1E6F00B2E50A /* Resources */ = {
			isa = PBXResourcesBuildPhase;
			buildActionMask = 2147483647;
			files = (
				671DA7C2247C1E6F00B2E50A /* Main.storyboard in Resources */,
				671DA7B9247C1E6F00B2E50A /* GameScene.sks in Resources */,
				671DA7C4247C1E7200B2E50A /* Assets.xcassets in Resources */,
				671DA7C7247C1E7200B2E50A /* LaunchScreen.storyboard in Resources */,
				671DA7CF247C1EE000B2E50A /* ExampleTileSet.sks in Resources */,
			);
			runOnlyForDeploymentPostprocessing = 0;
		};
/* End PBXResourcesBuildPhase section */

/* Begin PBXSourcesBuildPhase section */
		671DA7AF247C1E6F00B2E50A /* Sources */ = {
			isa = PBXSourcesBuildPhase;
			buildActionMask = 2147483647;
			files = (
				671DA7BD247C1E6F00B2E50A /* GameScene.swift in Sources */,
				671DA7BF247C1E6F00B2E50A /* GameViewController.swift in Sources */,
				671DA7B7247C1E6F00B2E50A /* AppDelegate.swift in Sources */,
			);
			runOnlyForDeploymentPostprocessing = 0;
		};
/* End PBXSourcesBuildPhase section */

/* Begin PBXVariantGroup section */
		671DA7C0247C1E6F00B2E50A /* Main.storyboard */ = {
			isa = PBXVariantGroup;
			children = (
				671DA7C1247C1E6F00B2E50A /* Base */,
			);
			name = Main.storyboard;
			sourceTree = "<group>";
		};
		671DA7C5247C1E7200B2E50A /* LaunchScreen.storyboard */ = {
			isa = PBXVariantGroup;
			children = (
				671DA7C6247C1E7200B2E50A /* Base */,
			);
			name = LaunchScreen.storyboard;
			sourceTree = "<group>";
		};
/* End PBXVariantGroup section */

/* Begin XCBuildConfiguration section */
		671DA7C9247C1E7200B2E50A /* Debug */ = {
			isa = XCBuildConfiguration;
			buildSettings = {
				ALWAYS_SEARCH_USER_PATHS = NO;
				CLANG_ANALYZER_NONNULL = YES;
				CLANG_ANALYZER_NUMBER_OBJECT_CONVERSION = YES_AGGRESSIVE;
				CLANG_CXX_LANGUAGE_STANDARD = "gnu++14";
				CLANG_CXX_LIBRARY = "libc++";
				CLANG_ENABLE_MODULES = YES;
				CLANG_ENABLE_OBJC_ARC = YES;
				CLANG_ENABLE_OBJC_WEAK = YES;
				CLANG_WARN_BLOCK_CAPTURE_AUTORELEASING = YES;
				CLANG_WARN_BOOL_CONVERSION = YES;
				CLANG_WARN_COMMA = YES;
				CLANG_WARN_CONSTANT_CONVERSION = YES;
				CLANG_WARN_DEPRECATED_OBJC_IMPLEMENTATIONS = YES;
				CLANG_WARN_DIRECT_OBJC_ISA_USAGE = YES_ERROR;
				CLANG_WARN_DOCUMENTATION_COMMENTS = YES;
				CLANG_WARN_EMPTY_BODY = YES;
				CLANG_WARN_ENUM_CONVERSION = YES;
				CLANG_WARN_INFINITE_RECURSION = YES;
				CLANG_WARN_INT_CONVERSION = YES;
				CLANG_WARN_NON_LITERAL_NULL_CONVERSION = YES;
				CLANG_WARN_OBJC_IMPLICIT_RETAIN_SELF = YES;
				CLANG_WARN_OBJC_LITERAL_CONVERSION = YES;
				CLANG_WARN_OBJC_ROOT_CLASS = YES_ERROR;
				CLANG_WARN_RANGE_LOOP_ANALYSIS = YES;
				CLANG_WARN_STRICT_PROTOTYPES = YES;
				CLANG_WARN_SUSPICIOUS_MOVE = YES;
				CLANG_WARN_UNGUARDED_AVAILABILITY = YES_AGGRESSIVE;
				CLANG_WARN_UNREACHABLE_CODE = YES;
				CLANG_WARN__DUPLICATE_METHOD_MATCH = YES;
				COPY_PHASE_STRIP = NO;
				DEBUG_INFORMATION_FORMAT = dwarf;
				ENABLE_STRICT_OBJC_MSGSEND = YES;
				ENABLE_TESTABILITY = YES;
				GCC_C_LANGUAGE_STANDARD = gnu11;
				GCC_DYNAMIC_NO_PIC = NO;
				GCC_NO_COMMON_BLOCKS = YES;
				GCC_OPTIMIZATION_LEVEL = 0;
				GCC_PREPROCESSOR_DEFINITIONS = (
					"DEBUG=1",
					"$(inherited)",
				);
				GCC_WARN_64_TO_32_BIT_CONVERSION = YES;
				GCC_WARN_ABOUT_RETURN_TYPE = YES_ERROR;
				GCC_WARN_UNDECLARED_SELECTOR = YES;
				GCC_WARN_UNINITIALIZED_AUTOS = YES_AGGRESSIVE;
				GCC_WARN_UNUSED_FUNCTION = YES;
				GCC_WARN_UNUSED_VARIABLE = YES;
				IPHONEOS_DEPLOYMENT_TARGET = 13.4;
				MTL_ENABLE_DEBUG_INFO = INCLUDE_SOURCE;
				MTL_FAST_MATH = YES;
				ONLY_ACTIVE_ARCH = YES;
				SDKROOT = iphoneos;
				SWIFT_ACTIVE_COMPILATION_CONDITIONS = DEBUG;
				SWIFT_OPTIMIZATION_LEVEL = "-Onone";
			};
			name = Debug;
		};
		671DA7CA247C1E7200B2E50A /* Release */ = {
			isa = XCBuildConfiguration;
			buildSettings = {
				ALWAYS_SEARCH_USER_PATHS = NO;
				CLANG_ANALYZER_NONNULL = YES;
				CLANG_ANALYZER_NUMBER_OBJECT_CONVERSION = YES_AGGRESSIVE;
				CLANG_CXX_LANGUAGE_STANDARD = "gnu++14";
				CLANG_CXX_LIBRARY = "libc++";
				CLANG_ENABLE_MODULES = YES;
				CLANG_ENABLE_OBJC_ARC = YES;
				CLANG_ENABLE_OBJC_WEAK = YES;
				CLANG_WARN_BLOCK_CAPTURE_AUTORELEASING = YES;
				CLANG_WARN_BOOL_CONVERSION = YES;
				CLANG_WARN_COMMA = YES;
				CLANG_WARN_CONSTANT_CONVERSION = YES;
				CLANG_WARN_DEPRECATED_OBJC_IMPLEMENTATIONS = YES;
				CLANG_WARN_DIRECT_OBJC_ISA_USAGE = YES_ERROR;
				CLANG_WARN_DOCUMENTATION_COMMENTS = YES;
				CLANG_WARN_EMPTY_BODY = YES;
				CLANG_WARN_ENUM_CONVERSION = YES;
				CLANG_WARN_INFINITE_RECURSION = YES;
				CLANG_WARN_INT_CONVERSION = YES;
				CLANG_WARN_NON_LITERAL_NULL_CONVERSION = YES;
				CLANG_WARN_OBJC_IMPLICIT_RETAIN_SELF = YES;
				CLANG_WARN_OBJC_LITERAL_CONVERSION = YES;
				CLANG_WARN_OBJC_ROOT_CLASS = YES_ERROR;
				CLANG_WARN_RANGE_LOOP_ANALYSIS = YES;
				CLANG_WARN_STRICT_PROTOTYPES = YES;
				CLANG_WARN_SUSPICIOUS_MOVE = YES;
				CLANG_WARN_UNGUARDED_AVAILABILITY = YES_AGGRESSIVE;
				CLANG_WARN_UNREACHABLE_CODE = YES;
				CLANG_WARN__DUPLICATE_METHOD_MATCH = YES;
				COPY_PHASE_STRIP = NO;
				DEBUG_INFORMATION_FORMAT = "dwarf-with-dsym";
				ENABLE_NS_ASSERTIONS = NO;
				ENABLE_STRICT_OBJC_MSGSEND = YES;
				GCC_C_LANGUAGE_STANDARD = gnu11;
				GCC_NO_COMMON_BLOCKS = YES;
				GCC_WARN_64_TO_32_BIT_CONVERSION = YES;
				GCC_WARN_ABOUT_RETURN_TYPE = YES_ERROR;
				GCC_WARN_UNDECLARED_SELECTOR = YES;
				GCC_WARN_UNINITIALIZED_AUTOS = YES_AGGRESSIVE;
				GCC_WARN_UNUSED_FUNCTION = YES;
				GCC_WARN_UNUSED_VARIABLE = YES;
				IPHONEOS_DEPLOYMENT_TARGET = 13.4;
				MTL_ENABLE_DEBUG_INFO = NO;
				MTL_FAST_MATH = YES;
				SDKROOT = iphoneos;
				SWIFT_COMPILATION_MODE = wholemodule;
				SWIFT_OPTIMIZATION_LEVEL = "-O";
				VALIDATE_PRODUCT = YES;
			};
			name = Release;
		};
		671DA7CC247C1E7200B2E50A /* Debug */ = {
			isa = XCBuildConfiguration;
			buildSettings = {
				ASSETCATALOG_COMPILER_APPICON_NAME = AppIcon;
				CODE_SIGN_STYLE = Automatic;
				DEVELOPMENT_TEAM = HKD2VCZ3TM;
				INFOPLIST_FILE = CenterTileMap/Info.plist;
				LD_RUNPATH_SEARCH_PATHS = (
					"$(inherited)",
					"@executable_path/Frameworks",
				);
				PRODUCT_BUNDLE_IDENTIFIER = com.maetschl.example.CenterTileMap;
				PRODUCT_NAME = "$(TARGET_NAME)";
				SWIFT_VERSION = 5.0;
				TARGETED_DEVICE_FAMILY = "1,2";
			};
			name = Debug;
		};
		671DA7CD247C1E7200B2E50A /* Release */ = {
			isa = XCBuildConfiguration;
			buildSettings = {
				ASSETCATALOG_COMPILER_APPICON_NAME = AppIcon;
				CODE_SIGN_STYLE = Automatic;
				DEVELOPMENT_TEAM = HKD2VCZ3TM;
				INFOPLIST_FILE = CenterTileMap/Info.plist;
				LD_RUNPATH_SEARCH_PATHS = (
					"$(inherited)",
					"@executable_path/Frameworks",
				);
				PRODUCT_BUNDLE_IDENTIFIER = com.maetschl.example.CenterTileMap;
				PRODUCT_NAME = "$(TARGET_NAME)";
				SWIFT_VERSION = 5.0;
				TARGETED_DEVICE_FAMILY = "1,2";
			};
			name = Release;
		};
/* End XCBuildConfiguration section */

/* Begin XCConfigurationList section */
		671DA7AE247C1E6F00B2E50A /* Build configuration list for PBXProject "CenterTileMap" */ = {
			isa = XCConfigurationList;
			buildConfigurations = (
				671DA7C9247C1E7200B2E50A /* Debug */,
				671DA7CA247C1E7200B2E50A /* Release */,
			);
			defaultConfigurationIsVisible = 0;
			defaultConfigurationName = Release;
		};
		671DA7CB247C1E7200B2E50A /* Build configuration list for PBXNativeTarget "CenterTileMap" */ = {
			isa = XCConfigurationList;
			buildConfigurations = (
				671DA7CC247C1E7200B2E50A /* Debug */,
				671DA7CD247C1E7200B2E50A /* Release */,
			);
			defaultConfigurationIsVisible = 0;
			defaultConfigurationName = Release;
		};
/* End XCConfigurationList section */
	};
	rootObject = 671DA7AB247C1E6F00B2E50A /* Project object */;
}
