// !$*UTF8*$!
{
	archiveVersion = 1;
	classes = {
	};
	objectVersion = 50;
	objects = {

/* Begin PBXBuildFile section */
		676FDBEE2582830600BA04EE /* AppDelegate.swift in Sources */ = {isa = PBXBuildFile; fileRef = 676FDBED2582830600BA04EE /* AppDelegate.swift */; };
		676FDBF02582830600BA04EE /* GameScene.sks in Resources */ = {isa = PBXBuildFile; fileRef = 676FDBEF2582830600BA04EE /* GameScene.sks */; };
		676FDBF42582830600BA04EE /* GameScene.swift in Sources */ = {isa = PBXBuildFile; fileRef = 676FDBF32582830600BA04EE /* GameScene.swift */; };
		676FDBF62582830600BA04EE /* ViewController.swift in Sources */ = {isa = PBXBuildFile; fileRef = 676FDBF52582830600BA04EE /* ViewController.swift */; };
		676FDBF82582830D00BA04EE /* Assets.xcassets in Resources */ = {isa = PBXBuildFile; fileRef = 676FDBF72582830D00BA04EE /* Assets.xcassets */; };
		676FDBFB2582830D00BA04EE /* Main.storyboard in Resources */ = {isa = PBXBuildFile; fileRef = 676FDBF92582830D00BA04EE /* Main.storyboard */; };
/* End PBXBuildFile section */

/* Begin PBXFileReference section */
		676FDBEA2582830600BA04EE /* CurvedPhysicsBody.app */ = {isa = PBXFileReference; explicitFileType = wrapper.application; includeInIndex = 0; path = CurvedPhysicsBody.app; sourceTree = BUILT_PRODUCTS_DIR; };
		676FDBED2582830600BA04EE /* AppDelegate.swift */ = {isa = PBXFileReference; lastKnownFileType = sourcecode.swift; path = AppDelegate.swift; sourceTree = "<group>"; };
		676FDBEF2582830600BA04EE /* GameScene.sks */ = {isa = PBXFileReference; lastKnownFileType = file.sks; path = GameScene.sks; sourceTree = "<group>"; };
		676FDBF32582830600BA04EE /* GameScene.swift */ = {isa = PBXFileReference; lastKnownFileType = sourcecode.swift; path = GameScene.swift; sourceTree = "<group>"; };
		676FDBF52582830600BA04EE /* ViewController.swift */ = {isa = PBXFileReference; lastKnownFileType = sourcecode.swift; path = ViewController.swift; sourceTree = "<group>"; };
		676FDBF72582830D00BA04EE /* Assets.xcassets */ = {isa = PBXFileReference; lastKnownFileType = folder.assetcatalog; path = Assets.xcassets; sourceTree = "<group>"; };
		676FDBFA2582830D00BA04EE /* Base */ = {isa = PBXFileReference; lastKnownFileType = file.storyboard; name = Base; path = Base.lproj/Main.storyboard; sourceTree = "<group>"; };
		676FDBFC2582830D00BA04EE /* Info.plist */ = {isa = PBXFileReference; lastKnownFileType = text.plist.xml; path = Info.plist; sourceTree = "<group>"; };
		676FDBFD2582830D00BA04EE /* CurvedPhysicsBody.entitlements */ = {isa = PBXFileReference; lastKnownFileType = text.plist.entitlements; path = CurvedPhysicsBody.entitlements; sourceTree = "<group>"; };
/* End PBXFileReference section */

/* Begin PBXFrameworksBuildPhase section */
		676FDBE72582830600BA04EE /* Frameworks */ = {
			isa = PBXFrameworksBuildPhase;
			buildActionMask = 2147483647;
			files = (
			);
			runOnlyForDeploymentPostprocessing = 0;
		};
/* End PBXFrameworksBuildPhase section */

/* Begin PBXGroup section */
		676FDBE12582830600BA04EE = {
			isa = PBXGroup;
			children = (
				676FDBEC2582830600BA04EE /* CurvedPhysicsBody */,
				676FDBEB2582830600BA04EE /* Products */,
			);
			sourceTree = "<group>";
		};
		676FDBEB2582830600BA04EE /* Products */ = {
			isa = PBXGroup;
			children = (
				676FDBEA2582830600BA04EE /* CurvedPhysicsBody.app */,
			);
			name = Products;
			sourceTree = "<group>";
		};
		676FDBEC2582830600BA04EE /* CurvedPhysicsBody */ = {
			isa = PBXGroup;
			children = (
				676FDBED2582830600BA04EE /* AppDelegate.swift */,
				676FDBEF2582830600BA04EE /* GameScene.sks */,
				676FDBF32582830600BA04EE /* GameScene.swift */,
				676FDBF52582830600BA04EE /* ViewController.swift */,
				676FDBF72582830D00BA04EE /* Assets.xcassets */,
				676FDBF92582830D00BA04EE /* Main.storyboard */,
				676FDBFC2582830D00BA04EE /* Info.plist */,
				676FDBFD2582830D00BA04EE /* CurvedPhysicsBody.entitlements */,
			);
			path = CurvedPhysicsBody;
			sourceTree = "<group>";
		};
/* End PBXGroup section */

/* Begin PBXNativeTarget section */
		676FDBE92582830600BA04EE /* CurvedPhysicsBody */ = {
			isa = PBXNativeTarget;
			buildConfigurationList = 676FDC002582830D00BA04EE /* Build configuration list for PBXNativeTarget "CurvedPhysicsBody" */;
			buildPhases = (
				676FDBE62582830600BA04EE /* Sources */,
				676FDBE72582830600BA04EE /* Frameworks */,
				676FDBE82582830600BA04EE /* Resources */,
			);
			buildRules = (
			);
			dependencies = (
			);
			name = CurvedPhysicsBody;
			productName = CurvedPhysicsBody;
			productReference = 676FDBEA2582830600BA04EE /* CurvedPhysicsBody.app */;
			productType = "com.apple.product-type.application";
		};
/* End PBXNativeTarget section */

/* Begin PBXProject section */
		676FDBE22582830600BA04EE /* Project object */ = {
			isa = PBXProject;
			attributes = {
				LastSwiftUpdateCheck = 1210;
				LastUpgradeCheck = 1210;
				TargetAttributes = {
					676FDBE92582830600BA04EE = {
						CreatedOnToolsVersion = 12.1;
					};
				};
			};
			buildConfigurationList = 676FDBE52582830600BA04EE /* Build configuration list for PBXProject "CurvedPhysicsBody" */;
			compatibilityVersion = "Xcode 9.3";
			developmentRegion = en;
			hasScannedForEncodings = 0;
			knownRegions = (
				en,
				Base,
			);
			mainGroup = 676FDBE12582830600BA04EE;
			productRefGroup = 676FDBEB2582830600BA04EE /* Products */;
			projectDirPath = "";
			projectRoot = "";
			targets = (
				676FDBE92582830600BA04EE /* CurvedPhysicsBody */,
			);
		};
/* End PBXProject section */

/* Begin PBXResourcesBuildPhase section */
		676FDBE82582830600BA04EE /* Resources */ = {
			isa = PBXResourcesBuildPhase;
			buildActionMask = 2147483647;
			files = (
				676FDBF02582830600BA04EE /* GameScene.sks in Resources */,
				676FDBF82582830D00BA04EE /* Assets.xcassets in Resources */,
				676FDBFB2582830D00BA04EE /* Main.storyboard in Resources */,
			);
			runOnlyForDeploymentPostprocessing = 0;
		};
/* End PBXResourcesBuildPhase section */

/* Begin PBXSourcesBuildPhase section */
		676FDBE62582830600BA04EE /* Sources */ = {
			isa = PBXSourcesBuildPhase;
			buildActionMask = 2147483647;
			files = (
				676FDBF62582830600BA04EE /* ViewController.swift in Sources */,
				676FDBF42582830600BA04EE /* GameScene.swift in Sources */,
				676FDBEE2582830600BA04EE /* AppDelegate.swift in Sources */,
			);
			runOnlyForDeploymentPostprocessing = 0;
		};
/* End PBXSourcesBuildPhase section */

/* Begin PBXVariantGroup section */
		676FDBF92582830D00BA04EE /* Main.storyboard */ = {
			isa = PBXVariantGroup;
			children = (
				676FDBFA2582830D00BA04EE /* Base */,
			);
			name = Main.storyboard;
			sourceTree = "<group>";
		};
/* End PBXVariantGroup section */

/* Begin XCBuildConfiguration section */
		676FDBFE2582830D00BA04EE /* Debug */ = {
			isa = XCBuildConfiguration;
			buildSettings = {
				ALWAYS_SEARCH_USER_PATHS = NO;
				CLANG_ANALYZER_NONNULL = YES;
				CLANG_ANALYZER_NUMBER_OBJECT_CONVERSION = YES_AGGRESSIVE;
				CLANG_CXX_LANGUAGE_STANDARD = "gnu++14";
				CLANG_CXX_LIBRARY = "libc++";
				CLANG_ENABLE_MODULES = YES;
				CLANG_ENABLE_OBJC_ARC = YES;
				CLANG_ENABLE_OBJC_WEAK = YES;
				CLANG_WARN_BLOCK_CAPTURE_AUTORELEASING = YES;
				CLANG_WARN_BOOL_CONVERSION = YES;
				CLANG_WARN_COMMA = YES;
				CLANG_WARN_CONSTANT_CONVERSION = YES;
				CLANG_WARN_DEPRECATED_OBJC_IMPLEMENTATIONS = YES;
				CLANG_WARN_DIRECT_OBJC_ISA_USAGE = YES_ERROR;
				CLANG_WARN_DOCUMENTATION_COMMENTS = YES;
				CLANG_WARN_EMPTY_BODY = YES;
				CLANG_WARN_ENUM_CONVERSION = YES;
				CLANG_WARN_INFINITE_RECURSION = YES;
				CLANG_WARN_INT_CONVERSION = YES;
				CLANG_WARN_NON_LITERAL_NULL_CONVERSION = YES;
				CLANG_WARN_OBJC_IMPLICIT_RETAIN_SELF = YES;
				CLANG_WARN_OBJC_LITERAL_CONVERSION = YES;
				CLANG_WARN_OBJC_ROOT_CLASS = YES_ERROR;
				CLANG_WARN_QUOTED_INCLUDE_IN_FRAMEWORK_HEADER = YES;
				CLANG_WARN_RANGE_LOOP_ANALYSIS = YES;
				CLANG_WARN_STRICT_PROTOTYPES = YES;
				CLANG_WARN_SUSPICIOUS_MOVE = YES;
				CLANG_WARN_UNGUARDED_AVAILABILITY = YES_AGGRESSIVE;
				CLANG_WARN_UNREACHABLE_CODE = YES;
				CLANG_WARN__DUPLICATE_METHOD_MATCH = YES;
				COPY_PHASE_STRIP = NO;
				DEBUG_INFORMATION_FORMAT = dwarf;
				ENABLE_STRICT_OBJC_MSGSEND = YES;
				ENABLE_TESTABILITY = YES;
				GCC_C_LANGUAGE_STANDARD = gnu11;
				GCC_DYNAMIC_NO_PIC = NO;
				GCC_NO_COMMON_BLOCKS = YES;
				GCC_OPTIMIZATION_LEVEL = 0;
				GCC_PREPROCESSOR_DEFINITIONS = (
					"DEBUG=1",
					"$(inherited)",
				);
				GCC_WARN_64_TO_32_BIT_CONVERSION = YES;
				GCC_WARN_ABOUT_RETURN_TYPE = YES_ERROR;
				GCC_WARN_UNDECLARED_SELECTOR = YES;
				GCC_WARN_UNINITIALIZED_AUTOS = YES_AGGRESSIVE;
				GCC_WARN_UNUSED_FUNCTION = YES;
				GCC_WARN_UNUSED_VARIABLE = YES;
				MACOSX_DEPLOYMENT_TARGET = 10.15;
				MTL_ENABLE_DEBUG_INFO = INCLUDE_SOURCE;
				MTL_FAST_MATH = YES;
				ONLY_ACTIVE_ARCH = YES;
				SDKROOT = macosx;
				SWIFT_ACTIVE_COMPILATION_CONDITIONS = DEBUG;
				SWIFT_OPTIMIZATION_LEVEL = "-Onone";
			};
			name = Debug;
		};
		676FDBFF2582830D00BA04EE /* Release */ = {
			isa = XCBuildConfiguration;
			buildSettings = {
				ALWAYS_SEARCH_USER_PATHS = NO;
				CLANG_ANALYZER_NONNULL = YES;
				CLANG_ANALYZER_NUMBER_OBJECT_CONVERSION = YES_AGGRESSIVE;
				CLANG_CXX_LANGUAGE_STANDARD = "gnu++14";
				CLANG_CXX_LIBRARY = "libc++";
				CLANG_ENABLE_MODULES = YES;
				CLANG_ENABLE_OBJC_ARC = YES;
				CLANG_ENABLE_OBJC_WEAK = YES;
				CLANG_WARN_BLOCK_CAPTURE_AUTORELEASING = YES;
				CLANG_WARN_BOOL_CONVERSION = YES;
				CLANG_WARN_COMMA = YES;
				CLANG_WARN_CONSTANT_CONVERSION = YES;
				CLANG_WARN_DEPRECATED_OBJC_IMPLEMENTATIONS = YES;
				CLANG_WARN_DIRECT_OBJC_ISA_USAGE = YES_ERROR;
				CLANG_WARN_DOCUMENTATION_COMMENTS = YES;
				CLANG_WARN_EMPTY_BODY = YES;
				CLANG_WARN_ENUM_CONVERSION = YES;
				CLANG_WARN_INFINITE_RECURSION = YES;
				CLANG_WARN_INT_CONVERSION = YES;
				CLANG_WARN_NON_LITERAL_NULL_CONVERSION = YES;
				CLANG_WARN_OBJC_IMPLICIT_RETAIN_SELF = YES;
				CLANG_WARN_OBJC_LITERAL_CONVERSION = YES;
				CLANG_WARN_OBJC_ROOT_CLASS = YES_ERROR;
				CLANG_WARN_QUOTED_INCLUDE_IN_FRAMEWORK_HEADER = YES;
				CLANG_WARN_RANGE_LOOP_ANALYSIS = YES;
				CLANG_WARN_STRICT_PROTOTYPES = YES;
				CLANG_WARN_SUSPICIOUS_MOVE = YES;
				CLANG_WARN_UNGUARDED_AVAILABILITY = YES_AGGRESSIVE;
				CLANG_WARN_UNREACHABLE_CODE = YES;
				CLANG_WARN__DUPLICATE_METHOD_MATCH = YES;
				COPY_PHASE_STRIP = NO;
				DEBUG_INFORMATION_FORMAT = "dwarf-with-dsym";
				ENABLE_NS_ASSERTIONS = NO;
				ENABLE_STRICT_OBJC_MSGSEND = YES;
				GCC_C_LANGUAGE_STANDARD = gnu11;
				GCC_NO_COMMON_BLOCKS = YES;
				GCC_WARN_64_TO_32_BIT_CONVERSION = YES;
				GCC_WARN_ABOUT_RETURN_TYPE = YES_ERROR;
				GCC_WARN_UNDECLARED_SELECTOR = YES;
				GCC_WARN_UNINITIALIZED_AUTOS = YES_AGGRESSIVE;
				GCC_WARN_UNUSED_FUNCTION = YES;
				GCC_WARN_UNUSED_VARIABLE = YES;
				MACOSX_DEPLOYMENT_TARGET = 10.15;
				MTL_ENABLE_DEBUG_INFO = NO;
				MTL_FAST_MATH = YES;
				SDKROOT = macosx;
				SWIFT_COMPILATION_MODE = wholemodule;
				SWIFT_OPTIMIZATION_LEVEL = "-O";
			};
			name = Release;
		};
		676FDC012582830D00BA04EE /* Debug */ = {
			isa = XCBuildConfiguration;
			buildSettings = {
				ASSETCATALOG_COMPILER_APPICON_NAME = AppIcon;
				ASSETCATALOG_COMPILER_GLOBAL_ACCENT_COLOR_NAME = AccentColor;
				CODE_SIGN_ENTITLEMENTS = CurvedPhysicsBody/CurvedPhysicsBody.entitlements;
				CODE_SIGN_STYLE = Automatic;
				COMBINE_HIDPI_IMAGES = YES;
				DEVELOPMENT_TEAM = HKD2VCZ3TM;
				ENABLE_HARDENED_RUNTIME = YES;
				INFOPLIST_FILE = CurvedPhysicsBody/Info.plist;
				LD_RUNPATH_SEARCH_PATHS = (
					"$(inherited)",
					"@executable_path/../Frameworks",
				);
				PRODUCT_BUNDLE_IDENTIFIER = com.maetschl.example.CurvedPhysicsBody;
				PRODUCT_NAME = "$(TARGET_NAME)";
				SWIFT_VERSION = 5.0;
			};
			name = Debug;
		};
		676FDC022582830D00BA04EE /* Release */ = {
			isa = XCBuildConfiguration;
			buildSettings = {
				ASSETCATALOG_COMPILER_APPICON_NAME = AppIcon;
				ASSETCATALOG_COMPILER_GLOBAL_ACCENT_COLOR_NAME = AccentColor;
				CODE_SIGN_ENTITLEMENTS = CurvedPhysicsBody/CurvedPhysicsBody.entitlements;
				CODE_SIGN_STYLE = Automatic;
				COMBINE_HIDPI_IMAGES = YES;
				DEVELOPMENT_TEAM = HKD2VCZ3TM;
				ENABLE_HARDENED_RUNTIME = YES;
				INFOPLIST_FILE = CurvedPhysicsBody/Info.plist;
				LD_RUNPATH_SEARCH_PATHS = (
					"$(inherited)",
					"@executable_path/../Frameworks",
				);
				PRODUCT_BUNDLE_IDENTIFIER = com.maetschl.example.CurvedPhysicsBody;
				PRODUCT_NAME = "$(TARGET_NAME)";
				SWIFT_VERSION = 5.0;
			};
			name = Release;
		};
/* End XCBuildConfiguration section */

/* Begin XCConfigurationList section */
		676FDBE52582830600BA04EE /* Build configuration list for PBXProject "CurvedPhysicsBody" */ = {
			isa = XCConfigurationList;
			buildConfigurations = (
				676FDBFE2582830D00BA04EE /* Debug */,
				676FDBFF2582830D00BA04EE /* Release */,
			);
			defaultConfigurationIsVisible = 0;
			defaultConfigurationName = Release;
		};
		676FDC002582830D00BA04EE /* Build configuration list for PBXNativeTarget "CurvedPhysicsBody" */ = {
			isa = XCConfigurationList;
			buildConfigurations = (
				676FDC012582830D00BA04EE /* Debug */,
				676FDC022582830D00BA04EE /* Release */,
			);
			defaultConfigurationIsVisible = 0;
			defaultConfigurationName = Release;
		};
/* End XCConfigurationList section */
	};
	rootObject = 676FDBE22582830600BA04EE /* Project object */;
}
