// !$*UTF8*$!
{
	archiveVersion = 1;
	classes = {
	};
	objectVersion = 46;
	objects = {

/* Begin PBXBuildFile section */
		291B5E101EAADFA500B4D918 /* AppDelegate.swift in Sources */ = {isa = PBXBuildFile; fileRef = 291B5E0F1EAADFA500B4D918 /* AppDelegate.swift */; };
		291B5E121EAADFA500B4D918 /* GameScene.sks in Resources */ = {isa = PBXBuildFile; fileRef = 291B5E111EAADFA500B4D918 /* GameScene.sks */; };
		291B5E141EAADFA500B4D918 /* Actions.sks in Resources */ = {isa = PBXBuildFile; fileRef = 291B5E131EAADFA500B4D918 /* Actions.sks */; };
		291B5E161EAADFA500B4D918 /* GameScene.swift in Sources */ = {isa = PBXBuildFile; fileRef = 291B5E151EAADFA500B4D918 /* GameScene.swift */; };
		291B5E181EAADFA500B4D918 /* GameViewController.swift in Sources */ = {isa = PBXBuildFile; fileRef = 291B5E171EAADFA500B4D918 /* GameViewController.swift */; };
		291B5E1B1EAADFA500B4D918 /* Main.storyboard in Resources */ = {isa = PBXBuildFile; fileRef = 291B5E191EAADFA500B4D918 /* Main.storyboard */; };
		291B5E1D1EAADFA500B4D918 /* Assets.xcassets in Resources */ = {isa = PBXBuildFile; fileRef = 291B5E1C1EAADFA500B4D918 /* Assets.xcassets */; };
		291B5E201EAADFA500B4D918 /* LaunchScreen.storyboard in Resources */ = {isa = PBXBuildFile; fileRef = 291B5E1E1EAADFA500B4D918 /* LaunchScreen.storyboard */; };
/* End PBXBuildFile section */

/* Begin PBXFileReference section */
		291B5E0C1EAADFA500B4D918 /* PlatformTest.app */ = {isa = PBXFileReference; explicitFileType = wrapper.application; includeInIndex = 0; path = PlatformTest.app; sourceTree = BUILT_PRODUCTS_DIR; };
		291B5E0F1EAADFA500B4D918 /* AppDelegate.swift */ = {isa = PBXFileReference; lastKnownFileType = sourcecode.swift; path = AppDelegate.swift; sourceTree = "<group>"; };
		291B5E111EAADFA500B4D918 /* GameScene.sks */ = {isa = PBXFileReference; lastKnownFileType = file.sks; path = GameScene.sks; sourceTree = "<group>"; };
		291B5E131EAADFA500B4D918 /* Actions.sks */ = {isa = PBXFileReference; lastKnownFileType = file.sks; path = Actions.sks; sourceTree = "<group>"; };
		291B5E151EAADFA500B4D918 /* GameScene.swift */ = {isa = PBXFileReference; lastKnownFileType = sourcecode.swift; path = GameScene.swift; sourceTree = "<group>"; };
		291B5E171EAADFA500B4D918 /* GameViewController.swift */ = {isa = PBXFileReference; lastKnownFileType = sourcecode.swift; path = GameViewController.swift; sourceTree = "<group>"; };
		291B5E1A1EAADFA500B4D918 /* Base */ = {isa = PBXFileReference; lastKnownFileType = file.storyboard; name = Base; path = Base.lproj/Main.storyboard; sourceTree = "<group>"; };
		291B5E1C1EAADFA500B4D918 /* Assets.xcassets */ = {isa = PBXFileReference; lastKnownFileType = folder.assetcatalog; path = Assets.xcassets; sourceTree = "<group>"; };
		291B5E1F1EAADFA500B4D918 /* Base */ = {isa = PBXFileReference; lastKnownFileType = file.storyboard; name = Base; path = Base.lproj/LaunchScreen.storyboard; sourceTree = "<group>"; };
		291B5E211EAADFA500B4D918 /* Info.plist */ = {isa = PBXFileReference; lastKnownFileType = text.plist.xml; path = Info.plist; sourceTree = "<group>"; };
/* End PBXFileReference section */

/* Begin PBXFrameworksBuildPhase section */
		291B5E091EAADFA500B4D918 /* Frameworks */ = {
			isa = PBXFrameworksBuildPhase;
			buildActionMask = 2147483647;
			files = (
			);
			runOnlyForDeploymentPostprocessing = 0;
		};
/* End PBXFrameworksBuildPhase section */

/* Begin PBXGroup section */
		291B5E031EAADFA500B4D918 = {
			isa = PBXGroup;
			children = (
				291B5E0E1EAADFA500B4D918 /* PlatformTest */,
				291B5E0D1EAADFA500B4D918 /* Products */,
			);
			sourceTree = "<group>";
		};
		291B5E0D1EAADFA500B4D918 /* Products */ = {
			isa = PBXGroup;
			children = (
				291B5E0C1EAADFA500B4D918 /* PlatformTest.app */,
			);
			name = Products;
			sourceTree = "<group>";
		};
		291B5E0E1EAADFA500B4D918 /* PlatformTest */ = {
			isa = PBXGroup;
			children = (
				291B5E0F1EAADFA500B4D918 /* AppDelegate.swift */,
				291B5E111EAADFA500B4D918 /* GameScene.sks */,
				291B5E131EAADFA500B4D918 /* Actions.sks */,
				291B5E151EAADFA500B4D918 /* GameScene.swift */,
				291B5E171EAADFA500B4D918 /* GameViewController.swift */,
				291B5E191EAADFA500B4D918 /* Main.storyboard */,
				291B5E1C1EAADFA500B4D918 /* Assets.xcassets */,
				291B5E1E1EAADFA500B4D918 /* LaunchScreen.storyboard */,
				291B5E211EAADFA500B4D918 /* Info.plist */,
			);
			path = PlatformTest;
			sourceTree = "<group>";
		};
/* End PBXGroup section */

/* Begin PBXNativeTarget section */
		291B5E0B1EAADFA500B4D918 /* PlatformTest */ = {
			isa = PBXNativeTarget;
			buildConfigurationList = 291B5E241EAADFA500B4D918 /* Build configuration list for PBXNativeTarget "PlatformTest" */;
			buildPhases = (
				291B5E081EAADFA500B4D918 /* Sources */,
				291B5E091EAADFA500B4D918 /* Frameworks */,
				291B5E0A1EAADFA500B4D918 /* Resources */,
			);
			buildRules = (
			);
			dependencies = (
			);
			name = PlatformTest;
			productName = PlatformTest;
			productReference = 291B5E0C1EAADFA500B4D918 /* PlatformTest.app */;
			productType = "com.apple.product-type.application";
		};
/* End PBXNativeTarget section */

/* Begin PBXProject section */
		291B5E041EAADFA500B4D918 /* Project object */ = {
			isa = PBXProject;
			attributes = {
				LastSwiftUpdateCheck = 0830;
				LastUpgradeCheck = 0830;
				ORGANIZATIONNAME = Maetschl;
				TargetAttributes = {
					291B5E0B1EAADFA500B4D918 = {
						CreatedOnToolsVersion = 8.3.1;
						DevelopmentTeam = HKD2VCZ3TM;
						ProvisioningStyle = Automatic;
					};
				};
			};
			buildConfigurationList = 291B5E071EAADFA500B4D918 /* Build configuration list for PBXProject "PlatformTest" */;
			compatibilityVersion = "Xcode 3.2";
			developmentRegion = English;
			hasScannedForEncodings = 0;
			knownRegions = (
				en,
				Base,
			);
			mainGroup = 291B5E031EAADFA500B4D918;
			productRefGroup = 291B5E0D1EAADFA500B4D918 /* Products */;
			projectDirPath = "";
			projectRoot = "";
			targets = (
				291B5E0B1EAADFA500B4D918 /* PlatformTest */,
			);
		};
/* End PBXProject section */

/* Begin PBXResourcesBuildPhase section */
		291B5E0A1EAADFA500B4D918 /* Resources */ = {
			isa = PBXResourcesBuildPhase;
			buildActionMask = 2147483647;
			files = (
				291B5E1B1EAADFA500B4D918 /* Main.storyboard in Resources */,
				291B5E121EAADFA500B4D918 /* GameScene.sks in Resources */,
				291B5E1D1EAADFA500B4D918 /* Assets.xcassets in Resources */,
				291B5E201EAADFA500B4D918 /* LaunchScreen.storyboard in Resources */,
				291B5E141EAADFA500B4D918 /* Actions.sks in Resources */,
			);
			runOnlyForDeploymentPostprocessing = 0;
		};
/* End PBXResourcesBuildPhase section */

/* Begin PBXSourcesBuildPhase section */
		291B5E081EAADFA500B4D918 /* Sources */ = {
			isa = PBXSourcesBuildPhase;
			buildActionMask = 2147483647;
			files = (
				291B5E161EAADFA500B4D918 /* GameScene.swift in Sources */,
				291B5E181EAADFA500B4D918 /* GameViewController.swift in Sources */,
				291B5E101EAADFA500B4D918 /* AppDelegate.swift in Sources */,
			);
			runOnlyForDeploymentPostprocessing = 0;
		};
/* End PBXSourcesBuildPhase section */

/* Begin PBXVariantGroup section */
		291B5E191EAADFA500B4D918 /* Main.storyboard */ = {
			isa = PBXVariantGroup;
			children = (
				291B5E1A1EAADFA500B4D918 /* Base */,
			);
			name = Main.storyboard;
			sourceTree = "<group>";
		};
		291B5E1E1EAADFA500B4D918 /* LaunchScreen.storyboard */ = {
			isa = PBXVariantGroup;
			children = (
				291B5E1F1EAADFA500B4D918 /* Base */,
			);
			name = LaunchScreen.storyboard;
			sourceTree = "<group>";
		};
/* End PBXVariantGroup section */

/* Begin XCBuildConfiguration section */
		291B5E221EAADFA500B4D918 /* Debug */ = {
			isa = XCBuildConfiguration;
			buildSettings = {
				ALWAYS_SEARCH_USER_PATHS = NO;
				CLANG_ANALYZER_NONNULL = YES;
				CLANG_ANALYZER_NUMBER_OBJECT_CONVERSION = YES_AGGRESSIVE;
				CLANG_CXX_LANGUAGE_STANDARD = "gnu++0x";
				CLANG_CXX_LIBRARY = "libc++";
				CLANG_ENABLE_MODULES = YES;
				CLANG_ENABLE_OBJC_ARC = YES;
				CLANG_WARN_BOOL_CONVERSION = YES;
				CLANG_WARN_CONSTANT_CONVERSION = YES;
				CLANG_WARN_DIRECT_OBJC_ISA_USAGE = YES_ERROR;
				CLANG_WARN_DOCUMENTATION_COMMENTS = YES;
				CLANG_WARN_EMPTY_BODY = YES;
				CLANG_WARN_ENUM_CONVERSION = YES;
				CLANG_WARN_INFINITE_RECURSION = YES;
				CLANG_WARN_INT_CONVERSION = YES;
				CLANG_WARN_OBJC_ROOT_CLASS = YES_ERROR;
				CLANG_WARN_SUSPICIOUS_MOVE = YES;
				CLANG_WARN_UNREACHABLE_CODE = YES;
				CLANG_WARN__DUPLICATE_METHOD_MATCH = YES;
				"CODE_SIGN_IDENTITY[sdk=iphoneos*]" = "iPhone Developer";
				COPY_PHASE_STRIP = NO;
				DEBUG_INFORMATION_FORMAT = dwarf;
				ENABLE_STRICT_OBJC_MSGSEND = YES;
				ENABLE_TESTABILITY = YES;
				GCC_C_LANGUAGE_STANDARD = gnu99;
				GCC_DYNAMIC_NO_PIC = NO;
				GCC_NO_COMMON_BLOCKS = YES;
				GCC_OPTIMIZATION_LEVEL = 0;
				GCC_PREPROCESSOR_DEFINITIONS = (
					"DEBUG=1",
					"$(inherited)",
				);
				GCC_WARN_64_TO_32_BIT_CONVERSION = YES;
				GCC_WARN_ABOUT_RETURN_TYPE = YES_ERROR;
				GCC_WARN_UNDECLARED_SELECTOR = YES;
				GCC_WARN_UNINITIALIZED_AUTOS = YES_AGGRESSIVE;
				GCC_WARN_UNUSED_FUNCTION = YES;
				GCC_WARN_UNUSED_VARIABLE = YES;
				IPHONEOS_DEPLOYMENT_TARGET = 10.3;
				MTL_ENABLE_DEBUG_INFO = YES;
				ONLY_ACTIVE_ARCH = YES;
				SDKROOT = iphoneos;
				SWIFT_ACTIVE_COMPILATION_CONDITIONS = DEBUG;
				SWIFT_OPTIMIZATION_LEVEL = "-Onone";
				TARGETED_DEVICE_FAMILY = "1,2";
			};
			name = Debug;
		};
		291B5E231EAADFA500B4D918 /* Release */ = {
			isa = XCBuildConfiguration;
			buildSettings = {
				ALWAYS_SEARCH_USER_PATHS = NO;
				CLANG_ANALYZER_NONNULL = YES;
				CLANG_ANALYZER_NUMBER_OBJECT_CONVERSION = YES_AGGRESSIVE;
				CLANG_CXX_LANGUAGE_STANDARD = "gnu++0x";
				CLANG_CXX_LIBRARY = "libc++";
				CLANG_ENABLE_MODULES = YES;
				CLANG_ENABLE_OBJC_ARC = YES;
				CLANG_WARN_BOOL_CONVERSION = YES;
				CLANG_WARN_CONSTANT_CONVERSION = YES;
				CLANG_WARN_DIRECT_OBJC_ISA_USAGE = YES_ERROR;
				CLANG_WARN_DOCUMENTATION_COMMENTS = YES;
				CLANG_WARN_EMPTY_BODY = YES;
				CLANG_WARN_ENUM_CONVERSION = YES;
				CLANG_WARN_INFINITE_RECURSION = YES;
				CLANG_WARN_INT_CONVERSION = YES;
				CLANG_WARN_OBJC_ROOT_CLASS = YES_ERROR;
				CLANG_WARN_SUSPICIOUS_MOVE = YES;
				CLANG_WARN_UNREACHABLE_CODE = YES;
				CLANG_WARN__DUPLICATE_METHOD_MATCH = YES;
				"CODE_SIGN_IDENTITY[sdk=iphoneos*]" = "iPhone Developer";
				COPY_PHASE_STRIP = NO;
				DEBUG_INFORMATION_FORMAT = "dwarf-with-dsym";
				ENABLE_NS_ASSERTIONS = NO;
				ENABLE_STRICT_OBJC_MSGSEND = YES;
				GCC_C_LANGUAGE_STANDARD = gnu99;
				GCC_NO_COMMON_BLOCKS = YES;
				GCC_WARN_64_TO_32_BIT_CONVERSION = YES;
				GCC_WARN_ABOUT_RETURN_TYPE = YES_ERROR;
				GCC_WARN_UNDECLARED_SELECTOR = YES;
				GCC_WARN_UNINITIALIZED_AUTOS = YES_AGGRESSIVE;
				GCC_WARN_UNUSED_FUNCTION = YES;
				GCC_WARN_UNUSED_VARIABLE = YES;
				IPHONEOS_DEPLOYMENT_TARGET = 10.3;
				MTL_ENABLE_DEBUG_INFO = NO;
				SDKROOT = iphoneos;
				SWIFT_OPTIMIZATION_LEVEL = "-Owholemodule";
				TARGETED_DEVICE_FAMILY = "1,2";
				VALIDATE_PRODUCT = YES;
			};
			name = Release;
		};
		291B5E251EAADFA500B4D918 /* Debug */ = {
			isa = XCBuildConfiguration;
			buildSettings = {
				ASSETCATALOG_COMPILER_APPICON_NAME = AppIcon;
				DEVELOPMENT_TEAM = HKD2VCZ3TM;
				INFOPLIST_FILE = PlatformTest/Info.plist;
				LD_RUNPATH_SEARCH_PATHS = "$(inherited) @executable_path/Frameworks";
				PRODUCT_BUNDLE_IDENTIFIER = Maetschl.PlatformTest;
				PRODUCT_NAME = "$(TARGET_NAME)";
				SWIFT_VERSION = 3.0;
			};
			name = Debug;
		};
		291B5E261EAADFA500B4D918 /* Release */ = {
			isa = XCBuildConfiguration;
			buildSettings = {
				ASSETCATALOG_COMPILER_APPICON_NAME = AppIcon;
				DEVELOPMENT_TEAM = HKD2VCZ3TM;
				INFOPLIST_FILE = PlatformTest/Info.plist;
				LD_RUNPATH_SEARCH_PATHS = "$(inherited) @executable_path/Frameworks";
				PRODUCT_BUNDLE_IDENTIFIER = Maetschl.PlatformTest;
				PRODUCT_NAME = "$(TARGET_NAME)";
				SWIFT_VERSION = 3.0;
			};
			name = Release;
		};
/* End XCBuildConfiguration section */

/* Begin XCConfigurationList section */
		291B5E071EAADFA500B4D918 /* Build configuration list for PBXProject "PlatformTest" */ = {
			isa = XCConfigurationList;
			buildConfigurations = (
				291B5E221EAADFA500B4D918 /* Debug */,
				291B5E231EAADFA500B4D918 /* Release */,
			);
			defaultConfigurationIsVisible = 0;
			defaultConfigurationName = Release;
		};
		291B5E241EAADFA500B4D918 /* Build configuration list for PBXNativeTarget "PlatformTest" */ = {
			isa = XCConfigurationList;
			buildConfigurations = (
				291B5E251EAADFA500B4D918 /* Debug */,
				291B5E261EAADFA500B4D918 /* Release */,
			);
			defaultConfigurationIsVisible = 0;
		};
/* End XCConfigurationList section */
	};
	rootObject = 291B5E041EAADFA500B4D918 /* Project object */;
}
